
Microsoft Visual Studio Solution File, Format Version 12.00
# Visual Studio 14
VisualStudioVersion = 14.0.23107.0
MinimumVisualStudioVersion = 10.0.40219.1
Project("{FAE04EC0-301F-11D3-BF4B-00C04F79EFBC}") = "EnterpriseBackup", "Tasks\EnterpriseBackup\EnterpriseBackup.csproj", "{2C314C89-0C09-4FBB-9E79-E5DB1F432BDB}"
EndProject
Project("{FAE04EC0-301F-11D3-BF4B-00C04F79EFBC}") = "CheckImapConnection", "Tasks\CheckImapConnection\CheckImapConnection.csproj", "{8BA64265-9289-4A3A-9158-F10AC10AE838}"
EndProject
Project("{FAE04EC0-301F-11D3-BF4B-00C04F79EFBC}") = "Common", "Core\Common\Common.csproj", "{B7F2182C-37E6-4FA6-B1B2-9E5C500CC576}"
EndProject
Project("{FAE04EC0-301F-11D3-BF4B-00C04F79EFBC}") = "Cron", "Core\Cron\Cron.csproj", "{669CCD90-EBB4-438B-A31A-A16030214B61}"
EndProject
Project("{FAE04EC0-301F-11D3-BF4B-00C04F79EFBC}") = "SisyphusScheduler", "Core\SisyphusSheduler\SisyphusScheduler.csproj", "{DC18E5FA-3C4C-4898-8093-F4DE505E064C}"
EndProject
Project("{6141683F-8A12-4E36-9623-2EB02B2C2303}") = "Setup", "Setup\Setup.isproj", "{34B323C9-C9C3-4A7C-8341-7786CC7256B9}"
	ProjectSection(ProjectDependencies) = postProject
		{756F6A58-7996-4B8B-8CB6-61C69E8D2F8B} = {756F6A58-7996-4B8B-8CB6-61C69E8D2F8B}
		{8BA64265-9289-4A3A-9158-F10AC10AE838} = {8BA64265-9289-4A3A-9158-F10AC10AE838}
		{D4C64F83-62AF-490A-888B-04C4FD18AD18} = {D4C64F83-62AF-490A-888B-04C4FD18AD18}
		{2C314C89-0C09-4FBB-9E79-E5DB1F432BDB} = {2C314C89-0C09-4FBB-9E79-E5DB1F432BDB}
		{B6A8489D-1522-4EAF-AC2F-CC85D766BCEE} = {B6A8489D-1522-4EAF-AC2F-CC85D766BCEE}
		{57A750D9-36B6-410B-8808-29CABE955842} = {57A750D9-36B6-410B-8808-29CABE955842}
		{26E260E3-AB62-4BB2-AFAC-5788A9BB1211} = {26E260E3-AB62-4BB2-AFAC-5788A9BB1211}
		{E77158F7-209F-4555-8958-86E820BACAC4} = {E77158F7-209F-4555-8958-86E820BACAC4}
		{DC18E5FA-3C4C-4898-8093-F4DE505E064C} = {DC18E5FA-3C4C-4898-8093-F4DE505E064C}
	EndProjectSection
EndProject
Project("{FAE04EC0-301F-11D3-BF4B-00C04F79EFBC}") = "ConfigApplication", "GUI\ConfigApplication\ConfigApplication.csproj", "{26E260E3-AB62-4BB2-AFAC-5788A9BB1211}"
EndProject
Project("{FAE04EC0-301F-11D3-BF4B-00C04F79EFBC}") = "SampleTask", "Tasks\SampleTask\SampleTask.csproj", "{756F6A58-7996-4B8B-8CB6-61C69E8D2F8B}"
EndProject
Project("{FAE04EC0-301F-11D3-BF4B-00C04F79EFBC}") = "BackupSender", "Tasks\BackupSender\BackupSender.csproj", "{E77158F7-209F-4555-8958-86E820BACAC4}"
EndProject
Project("{FAE04EC0-301F-11D3-BF4B-00C04F79EFBC}") = "ServiceControll", "Core\ServiceControll\ServiceControll.csproj", "{D4C64F83-62AF-490A-888B-04C4FD18AD18}"
EndProject
Project("{FAE04EC0-301F-11D3-BF4B-00C04F79EFBC}") = "TrelloChecker", "Tasks\TrelloChecker\TrelloChecker.csproj", "{57A750D9-36B6-410B-8808-29CABE955842}"
EndProject
Project("{2150E333-8FDC-42A3-9474-1A3956D46DE8}") = "Tasks", "Tasks", "{30E27055-007D-4FA8-BEF5-88B457B4592B}"
EndProject
Project("{2150E333-8FDC-42A3-9474-1A3956D46DE8}") = "Core", "Core", "{6F21748D-3E08-45C2-A4F9-E797C5C70438}"
EndProject
Project("{2150E333-8FDC-42A3-9474-1A3956D46DE8}") = "GUI", "GUI", "{4E8F9D99-EF83-44EF-8DE4-F18ADB499F0A}"
EndProject
Project("{FAE04EC0-301F-11D3-BF4B-00C04F79EFBC}") = "SQLLogger", "Core\SQLLogger\SQLLogger.csproj", "{AC9A090A-EB11-48E3-8A88-E9DE45BD4B06}"
EndProject
Project("{FAE04EC0-301F-11D3-BF4B-00C04F79EFBC}") = "TaskCore", "Core\TaskCore\TaskCore.csproj", "{6EECA358-C495-40C7-A5EA-445FBF0FB710}"
EndProject
Project("{FAE04EC0-301F-11D3-BF4B-00C04F79EFBC}") = "TrelloReport", "Tasks\TrelloReport\TrelloReport.csproj", "{5005A377-0A59-4E18-9E8B-DE05BEC67E67}"
EndProject
Project("{2150E333-8FDC-42A3-9474-1A3956D46DE8}") = "UnitTests", "UnitTests", "{842E2C17-5EF5-45B3-AE65-209837A9B372}"
EndProject
Project("{FAE04EC0-301F-11D3-BF4B-00C04F79EFBC}") = "Core.Common.ActiveDirectory", "UnitTests\Core.Common.ActiveDirectory\Core.Common.ActiveDirectory.csproj", "{483A7938-0F07-44AD-9B59-9AE79117507C}"
EndProject
Project("{FAE04EC0-301F-11D3-BF4B-00C04F79EFBC}") = "TrelloCardReminder", "Tasks\TrelloCardReminder\TrelloCardReminder.csproj", "{103F395D-E3AC-497D-BF78-2F820922E092}"
EndProject
Project("{FAE04EC0-301F-11D3-BF4B-00C04F79EFBC}") = "SalaryBot", "Tasks\SalaryBot\SalaryBot.csproj", "{4190BBD7-5200-43F5-A691-0908FFFA7FE5}"
EndProject
Project("{FAE04EC0-301F-11D3-BF4B-00C04F79EFBC}") = "RKeeperReporter", "Tasks\RKeeperReporter\RKeeperReporter.csproj", "{B6A8489D-1522-4EAF-AC2F-CC85D766BCEE}"
EndProject
Project("{FAE04EC0-301F-11D3-BF4B-00C04F79EFBC}") = "Accession", "Tasks\Accession\Accession.csproj", "{D33A60D2-ABC0-422E-B1C4-CD59A0548320}"
EndProject
Project("{FAE04EC0-301F-11D3-BF4B-00C04F79EFBC}") = "PowerShellExecutor", "Tasks\PowerShellExecutor\PowerShellExecutor.csproj", "{6CCB7DA6-A140-4485-986B-C6EA5B48A989}"
EndProject
Global
	GlobalSection(SolutionConfigurationPlatforms) = preSolution
		CD_ROM|Any CPU = CD_ROM|Any CPU
		CD_ROM|x86 = CD_ROM|x86
		Debug|Any CPU = Debug|Any CPU
		Debug|x86 = Debug|x86
		DVD-5|Any CPU = DVD-5|Any CPU
		DVD-5|x86 = DVD-5|x86
		Release|Any CPU = Release|Any CPU
		Release|x86 = Release|x86
		Release-3.5|Any CPU = Release-3.5|Any CPU
		Release-3.5|x86 = Release-3.5|x86
		Release-3.5C|Any CPU = Release-3.5C|Any CPU
		Release-3.5C|x86 = Release-3.5C|x86
		Release-4.0|Any CPU = Release-4.0|Any CPU
		Release-4.0|x86 = Release-4.0|x86
		Release-4.0C|Any CPU = Release-4.0C|Any CPU
		Release-4.0C|x86 = Release-4.0C|x86
		Release-4.5|Any CPU = Release-4.5|Any CPU
		Release-4.5|x86 = Release-4.5|x86
		Release-Mono|Any CPU = Release-Mono|Any CPU
		Release-Mono|x86 = Release-Mono|x86
		SingleImage|Any CPU = SingleImage|Any CPU
		SingleImage|x86 = SingleImage|x86
	EndGlobalSection
	GlobalSection(ProjectConfigurationPlatforms) = postSolution
		{2C314C89-0C09-4FBB-9E79-E5DB1F432BDB}.CD_ROM|Any CPU.ActiveCfg = Release|Any CPU
		{2C314C89-0C09-4FBB-9E79-E5DB1F432BDB}.CD_ROM|Any CPU.Build.0 = Release|Any CPU
		{2C314C89-0C09-4FBB-9E79-E5DB1F432BDB}.CD_ROM|x86.ActiveCfg = Release|x86
		{2C314C89-0C09-4FBB-9E79-E5DB1F432BDB}.CD_ROM|x86.Build.0 = Release|x86
		{2C314C89-0C09-4FBB-9E79-E5DB1F432BDB}.Debug|Any CPU.ActiveCfg = Debug|Any CPU
		{2C314C89-0C09-4FBB-9E79-E5DB1F432BDB}.Debug|Any CPU.Build.0 = Debug|Any CPU
		{2C314C89-0C09-4FBB-9E79-E5DB1F432BDB}.Debug|x86.ActiveCfg = Debug|x86
		{2C314C89-0C09-4FBB-9E79-E5DB1F432BDB}.Debug|x86.Build.0 = Debug|x86
		{2C314C89-0C09-4FBB-9E79-E5DB1F432BDB}.DVD-5|Any CPU.ActiveCfg = Debug|Any CPU
		{2C314C89-0C09-4FBB-9E79-E5DB1F432BDB}.DVD-5|Any CPU.Build.0 = Debug|Any CPU
		{2C314C89-0C09-4FBB-9E79-E5DB1F432BDB}.DVD-5|x86.ActiveCfg = Debug|x86
		{2C314C89-0C09-4FBB-9E79-E5DB1F432BDB}.DVD-5|x86.Build.0 = Debug|x86
		{2C314C89-0C09-4FBB-9E79-E5DB1F432BDB}.Release|Any CPU.ActiveCfg = Release|Any CPU
		{2C314C89-0C09-4FBB-9E79-E5DB1F432BDB}.Release|Any CPU.Build.0 = Release|Any CPU
		{2C314C89-0C09-4FBB-9E79-E5DB1F432BDB}.Release|x86.ActiveCfg = Release|x86
		{2C314C89-0C09-4FBB-9E79-E5DB1F432BDB}.Release|x86.Build.0 = Release|x86
		{2C314C89-0C09-4FBB-9E79-E5DB1F432BDB}.Release-3.5|Any CPU.ActiveCfg = Release|Any CPU
		{2C314C89-0C09-4FBB-9E79-E5DB1F432BDB}.Release-3.5|Any CPU.Build.0 = Release|Any CPU
		{2C314C89-0C09-4FBB-9E79-E5DB1F432BDB}.Release-3.5|x86.ActiveCfg = Release|x86
		{2C314C89-0C09-4FBB-9E79-E5DB1F432BDB}.Release-3.5|x86.Build.0 = Release|x86
		{2C314C89-0C09-4FBB-9E79-E5DB1F432BDB}.Release-3.5C|Any CPU.ActiveCfg = Release|Any CPU
		{2C314C89-0C09-4FBB-9E79-E5DB1F432BDB}.Release-3.5C|Any CPU.Build.0 = Release|Any CPU
		{2C314C89-0C09-4FBB-9E79-E5DB1F432BDB}.Release-3.5C|x86.ActiveCfg = Release|x86
		{2C314C89-0C09-4FBB-9E79-E5DB1F432BDB}.Release-3.5C|x86.Build.0 = Release|x86
		{2C314C89-0C09-4FBB-9E79-E5DB1F432BDB}.Release-4.0|Any CPU.ActiveCfg = Release|Any CPU
		{2C314C89-0C09-4FBB-9E79-E5DB1F432BDB}.Release-4.0|Any CPU.Build.0 = Release|Any CPU
		{2C314C89-0C09-4FBB-9E79-E5DB1F432BDB}.Release-4.0|x86.ActiveCfg = Release|x86
		{2C314C89-0C09-4FBB-9E79-E5DB1F432BDB}.Release-4.0|x86.Build.0 = Release|x86
		{2C314C89-0C09-4FBB-9E79-E5DB1F432BDB}.Release-4.0C|Any CPU.ActiveCfg = Release|Any CPU
		{2C314C89-0C09-4FBB-9E79-E5DB1F432BDB}.Release-4.0C|Any CPU.Build.0 = Release|Any CPU
		{2C314C89-0C09-4FBB-9E79-E5DB1F432BDB}.Release-4.0C|x86.ActiveCfg = Release|x86
		{2C314C89-0C09-4FBB-9E79-E5DB1F432BDB}.Release-4.0C|x86.Build.0 = Release|x86
		{2C314C89-0C09-4FBB-9E79-E5DB1F432BDB}.Release-4.5|Any CPU.ActiveCfg = Release|Any CPU
		{2C314C89-0C09-4FBB-9E79-E5DB1F432BDB}.Release-4.5|Any CPU.Build.0 = Release|Any CPU
		{2C314C89-0C09-4FBB-9E79-E5DB1F432BDB}.Release-4.5|x86.ActiveCfg = Release|x86
		{2C314C89-0C09-4FBB-9E79-E5DB1F432BDB}.Release-4.5|x86.Build.0 = Release|x86
		{2C314C89-0C09-4FBB-9E79-E5DB1F432BDB}.Release-Mono|Any CPU.ActiveCfg = Release|Any CPU
		{2C314C89-0C09-4FBB-9E79-E5DB1F432BDB}.Release-Mono|Any CPU.Build.0 = Release|Any CPU
		{2C314C89-0C09-4FBB-9E79-E5DB1F432BDB}.Release-Mono|x86.ActiveCfg = Release|x86
		{2C314C89-0C09-4FBB-9E79-E5DB1F432BDB}.Release-Mono|x86.Build.0 = Release|x86
		{2C314C89-0C09-4FBB-9E79-E5DB1F432BDB}.SingleImage|Any CPU.ActiveCfg = Release|Any CPU
		{2C314C89-0C09-4FBB-9E79-E5DB1F432BDB}.SingleImage|Any CPU.Build.0 = Release|Any CPU
		{2C314C89-0C09-4FBB-9E79-E5DB1F432BDB}.SingleImage|x86.ActiveCfg = Release|x86
		{2C314C89-0C09-4FBB-9E79-E5DB1F432BDB}.SingleImage|x86.Build.0 = Release|x86
		{8BA64265-9289-4A3A-9158-F10AC10AE838}.CD_ROM|Any CPU.ActiveCfg = Release|Any CPU
		{8BA64265-9289-4A3A-9158-F10AC10AE838}.CD_ROM|Any CPU.Build.0 = Release|Any CPU
		{8BA64265-9289-4A3A-9158-F10AC10AE838}.CD_ROM|x86.ActiveCfg = Release|x86
		{8BA64265-9289-4A3A-9158-F10AC10AE838}.CD_ROM|x86.Build.0 = Release|x86
		{8BA64265-9289-4A3A-9158-F10AC10AE838}.Debug|Any CPU.ActiveCfg = Debug|Any CPU
		{8BA64265-9289-4A3A-9158-F10AC10AE838}.Debug|Any CPU.Build.0 = Debug|Any CPU
		{8BA64265-9289-4A3A-9158-F10AC10AE838}.Debug|x86.ActiveCfg = Debug|x86
		{8BA64265-9289-4A3A-9158-F10AC10AE838}.Debug|x86.Build.0 = Debug|x86
		{8BA64265-9289-4A3A-9158-F10AC10AE838}.DVD-5|Any CPU.ActiveCfg = Debug|Any CPU
		{8BA64265-9289-4A3A-9158-F10AC10AE838}.DVD-5|Any CPU.Build.0 = Debug|Any CPU
		{8BA64265-9289-4A3A-9158-F10AC10AE838}.DVD-5|x86.ActiveCfg = Debug|x86
		{8BA64265-9289-4A3A-9158-F10AC10AE838}.DVD-5|x86.Build.0 = Debug|x86
		{8BA64265-9289-4A3A-9158-F10AC10AE838}.Release|Any CPU.ActiveCfg = Release|Any CPU
		{8BA64265-9289-4A3A-9158-F10AC10AE838}.Release|Any CPU.Build.0 = Release|Any CPU
		{8BA64265-9289-4A3A-9158-F10AC10AE838}.Release|x86.ActiveCfg = Release|x86
		{8BA64265-9289-4A3A-9158-F10AC10AE838}.Release|x86.Build.0 = Release|x86
		{8BA64265-9289-4A3A-9158-F10AC10AE838}.Release-3.5|Any CPU.ActiveCfg = Release|Any CPU
		{8BA64265-9289-4A3A-9158-F10AC10AE838}.Release-3.5|Any CPU.Build.0 = Release|Any CPU
		{8BA64265-9289-4A3A-9158-F10AC10AE838}.Release-3.5|x86.ActiveCfg = Release|x86
		{8BA64265-9289-4A3A-9158-F10AC10AE838}.Release-3.5|x86.Build.0 = Release|x86
		{8BA64265-9289-4A3A-9158-F10AC10AE838}.Release-3.5C|Any CPU.ActiveCfg = Release|Any CPU
		{8BA64265-9289-4A3A-9158-F10AC10AE838}.Release-3.5C|Any CPU.Build.0 = Release|Any CPU
		{8BA64265-9289-4A3A-9158-F10AC10AE838}.Release-3.5C|x86.ActiveCfg = Release|x86
		{8BA64265-9289-4A3A-9158-F10AC10AE838}.Release-3.5C|x86.Build.0 = Release|x86
		{8BA64265-9289-4A3A-9158-F10AC10AE838}.Release-4.0|Any CPU.ActiveCfg = Release|Any CPU
		{8BA64265-9289-4A3A-9158-F10AC10AE838}.Release-4.0|Any CPU.Build.0 = Release|Any CPU
		{8BA64265-9289-4A3A-9158-F10AC10AE838}.Release-4.0|x86.ActiveCfg = Release|x86
		{8BA64265-9289-4A3A-9158-F10AC10AE838}.Release-4.0|x86.Build.0 = Release|x86
		{8BA64265-9289-4A3A-9158-F10AC10AE838}.Release-4.0C|Any CPU.ActiveCfg = Release|Any CPU
		{8BA64265-9289-4A3A-9158-F10AC10AE838}.Release-4.0C|Any CPU.Build.0 = Release|Any CPU
		{8BA64265-9289-4A3A-9158-F10AC10AE838}.Release-4.0C|x86.ActiveCfg = Release|x86
		{8BA64265-9289-4A3A-9158-F10AC10AE838}.Release-4.0C|x86.Build.0 = Release|x86
		{8BA64265-9289-4A3A-9158-F10AC10AE838}.Release-4.5|Any CPU.ActiveCfg = Release|Any CPU
		{8BA64265-9289-4A3A-9158-F10AC10AE838}.Release-4.5|Any CPU.Build.0 = Release|Any CPU
		{8BA64265-9289-4A3A-9158-F10AC10AE838}.Release-4.5|x86.ActiveCfg = Release|x86
		{8BA64265-9289-4A3A-9158-F10AC10AE838}.Release-4.5|x86.Build.0 = Release|x86
		{8BA64265-9289-4A3A-9158-F10AC10AE838}.Release-Mono|Any CPU.ActiveCfg = Release|Any CPU
		{8BA64265-9289-4A3A-9158-F10AC10AE838}.Release-Mono|Any CPU.Build.0 = Release|Any CPU
		{8BA64265-9289-4A3A-9158-F10AC10AE838}.Release-Mono|x86.ActiveCfg = Release|x86
		{8BA64265-9289-4A3A-9158-F10AC10AE838}.Release-Mono|x86.Build.0 = Release|x86
		{8BA64265-9289-4A3A-9158-F10AC10AE838}.SingleImage|Any CPU.ActiveCfg = Release|Any CPU
		{8BA64265-9289-4A3A-9158-F10AC10AE838}.SingleImage|Any CPU.Build.0 = Release|Any CPU
		{8BA64265-9289-4A3A-9158-F10AC10AE838}.SingleImage|x86.ActiveCfg = Release|x86
		{8BA64265-9289-4A3A-9158-F10AC10AE838}.SingleImage|x86.Build.0 = Release|x86
		{B7F2182C-37E6-4FA6-B1B2-9E5C500CC576}.CD_ROM|Any CPU.ActiveCfg = Release|Any CPU
		{B7F2182C-37E6-4FA6-B1B2-9E5C500CC576}.CD_ROM|Any CPU.Build.0 = Release|Any CPU
		{B7F2182C-37E6-4FA6-B1B2-9E5C500CC576}.CD_ROM|x86.ActiveCfg = Release|x86
		{B7F2182C-37E6-4FA6-B1B2-9E5C500CC576}.CD_ROM|x86.Build.0 = Release|x86
		{B7F2182C-37E6-4FA6-B1B2-9E5C500CC576}.Debug|Any CPU.ActiveCfg = Debug|Any CPU
		{B7F2182C-37E6-4FA6-B1B2-9E5C500CC576}.Debug|Any CPU.Build.0 = Debug|Any CPU
		{B7F2182C-37E6-4FA6-B1B2-9E5C500CC576}.Debug|x86.ActiveCfg = Debug|x86
		{B7F2182C-37E6-4FA6-B1B2-9E5C500CC576}.Debug|x86.Build.0 = Debug|x86
		{B7F2182C-37E6-4FA6-B1B2-9E5C500CC576}.DVD-5|Any CPU.ActiveCfg = Debug|Any CPU
		{B7F2182C-37E6-4FA6-B1B2-9E5C500CC576}.DVD-5|Any CPU.Build.0 = Debug|Any CPU
		{B7F2182C-37E6-4FA6-B1B2-9E5C500CC576}.DVD-5|x86.ActiveCfg = Debug|x86
		{B7F2182C-37E6-4FA6-B1B2-9E5C500CC576}.DVD-5|x86.Build.0 = Debug|x86
		{B7F2182C-37E6-4FA6-B1B2-9E5C500CC576}.Release|Any CPU.ActiveCfg = Release|Any CPU
		{B7F2182C-37E6-4FA6-B1B2-9E5C500CC576}.Release|Any CPU.Build.0 = Release|Any CPU
		{B7F2182C-37E6-4FA6-B1B2-9E5C500CC576}.Release|x86.ActiveCfg = Release|x86
		{B7F2182C-37E6-4FA6-B1B2-9E5C500CC576}.Release|x86.Build.0 = Release|x86
		{B7F2182C-37E6-4FA6-B1B2-9E5C500CC576}.Release-3.5|Any CPU.ActiveCfg = Release|Any CPU
		{B7F2182C-37E6-4FA6-B1B2-9E5C500CC576}.Release-3.5|Any CPU.Build.0 = Release|Any CPU
		{B7F2182C-37E6-4FA6-B1B2-9E5C500CC576}.Release-3.5|x86.ActiveCfg = Release|x86
		{B7F2182C-37E6-4FA6-B1B2-9E5C500CC576}.Release-3.5|x86.Build.0 = Release|x86
		{B7F2182C-37E6-4FA6-B1B2-9E5C500CC576}.Release-3.5C|Any CPU.ActiveCfg = Release|Any CPU
		{B7F2182C-37E6-4FA6-B1B2-9E5C500CC576}.Release-3.5C|Any CPU.Build.0 = Release|Any CPU
		{B7F2182C-37E6-4FA6-B1B2-9E5C500CC576}.Release-3.5C|x86.ActiveCfg = Release|x86
		{B7F2182C-37E6-4FA6-B1B2-9E5C500CC576}.Release-3.5C|x86.Build.0 = Release|x86
		{B7F2182C-37E6-4FA6-B1B2-9E5C500CC576}.Release-4.0|Any CPU.ActiveCfg = Release|Any CPU
		{B7F2182C-37E6-4FA6-B1B2-9E5C500CC576}.Release-4.0|Any CPU.Build.0 = Release|Any CPU
		{B7F2182C-37E6-4FA6-B1B2-9E5C500CC576}.Release-4.0|x86.ActiveCfg = Release|x86
		{B7F2182C-37E6-4FA6-B1B2-9E5C500CC576}.Release-4.0|x86.Build.0 = Release|x86
		{B7F2182C-37E6-4FA6-B1B2-9E5C500CC576}.Release-4.0C|Any CPU.ActiveCfg = Release|Any CPU
		{B7F2182C-37E6-4FA6-B1B2-9E5C500CC576}.Release-4.0C|Any CPU.Build.0 = Release|Any CPU
		{B7F2182C-37E6-4FA6-B1B2-9E5C500CC576}.Release-4.0C|x86.ActiveCfg = Release|x86
		{B7F2182C-37E6-4FA6-B1B2-9E5C500CC576}.Release-4.0C|x86.Build.0 = Release|x86
		{B7F2182C-37E6-4FA6-B1B2-9E5C500CC576}.Release-4.5|Any CPU.ActiveCfg = Release|Any CPU
		{B7F2182C-37E6-4FA6-B1B2-9E5C500CC576}.Release-4.5|Any CPU.Build.0 = Release|Any CPU
		{B7F2182C-37E6-4FA6-B1B2-9E5C500CC576}.Release-4.5|x86.ActiveCfg = Release|x86
		{B7F2182C-37E6-4FA6-B1B2-9E5C500CC576}.Release-4.5|x86.Build.0 = Release|x86
		{B7F2182C-37E6-4FA6-B1B2-9E5C500CC576}.Release-Mono|Any CPU.ActiveCfg = Release|Any CPU
		{B7F2182C-37E6-4FA6-B1B2-9E5C500CC576}.Release-Mono|Any CPU.Build.0 = Release|Any CPU
		{B7F2182C-37E6-4FA6-B1B2-9E5C500CC576}.Release-Mono|x86.ActiveCfg = Release|x86
		{B7F2182C-37E6-4FA6-B1B2-9E5C500CC576}.Release-Mono|x86.Build.0 = Release|x86
		{B7F2182C-37E6-4FA6-B1B2-9E5C500CC576}.SingleImage|Any CPU.ActiveCfg = Release|Any CPU
		{B7F2182C-37E6-4FA6-B1B2-9E5C500CC576}.SingleImage|Any CPU.Build.0 = Release|Any CPU
		{B7F2182C-37E6-4FA6-B1B2-9E5C500CC576}.SingleImage|x86.ActiveCfg = Release|x86
		{B7F2182C-37E6-4FA6-B1B2-9E5C500CC576}.SingleImage|x86.Build.0 = Release|x86
		{669CCD90-EBB4-438B-A31A-A16030214B61}.CD_ROM|Any CPU.ActiveCfg = Release|Any CPU
		{669CCD90-EBB4-438B-A31A-A16030214B61}.CD_ROM|Any CPU.Build.0 = Release|Any CPU
		{669CCD90-EBB4-438B-A31A-A16030214B61}.CD_ROM|x86.ActiveCfg = Release|x86
		{669CCD90-EBB4-438B-A31A-A16030214B61}.CD_ROM|x86.Build.0 = Release|x86
		{669CCD90-EBB4-438B-A31A-A16030214B61}.Debug|Any CPU.ActiveCfg = Debug|Any CPU
		{669CCD90-EBB4-438B-A31A-A16030214B61}.Debug|Any CPU.Build.0 = Debug|Any CPU
		{669CCD90-EBB4-438B-A31A-A16030214B61}.Debug|x86.ActiveCfg = Debug|x86
		{669CCD90-EBB4-438B-A31A-A16030214B61}.Debug|x86.Build.0 = Debug|x86
		{669CCD90-EBB4-438B-A31A-A16030214B61}.DVD-5|Any CPU.ActiveCfg = Debug|Any CPU
		{669CCD90-EBB4-438B-A31A-A16030214B61}.DVD-5|Any CPU.Build.0 = Debug|Any CPU
		{669CCD90-EBB4-438B-A31A-A16030214B61}.DVD-5|x86.ActiveCfg = Debug|x86
		{669CCD90-EBB4-438B-A31A-A16030214B61}.DVD-5|x86.Build.0 = Debug|x86
		{669CCD90-EBB4-438B-A31A-A16030214B61}.Release|Any CPU.ActiveCfg = Release|Any CPU
		{669CCD90-EBB4-438B-A31A-A16030214B61}.Release|Any CPU.Build.0 = Release|Any CPU
		{669CCD90-EBB4-438B-A31A-A16030214B61}.Release|x86.ActiveCfg = Release|x86
		{669CCD90-EBB4-438B-A31A-A16030214B61}.Release|x86.Build.0 = Release|x86
		{669CCD90-EBB4-438B-A31A-A16030214B61}.Release-3.5|Any CPU.ActiveCfg = Release|Any CPU
		{669CCD90-EBB4-438B-A31A-A16030214B61}.Release-3.5|Any CPU.Build.0 = Release|Any CPU
		{669CCD90-EBB4-438B-A31A-A16030214B61}.Release-3.5|x86.ActiveCfg = Release|x86
		{669CCD90-EBB4-438B-A31A-A16030214B61}.Release-3.5|x86.Build.0 = Release|x86
		{669CCD90-EBB4-438B-A31A-A16030214B61}.Release-3.5C|Any CPU.ActiveCfg = Release|Any CPU
		{669CCD90-EBB4-438B-A31A-A16030214B61}.Release-3.5C|Any CPU.Build.0 = Release|Any CPU
		{669CCD90-EBB4-438B-A31A-A16030214B61}.Release-3.5C|x86.ActiveCfg = Release|x86
		{669CCD90-EBB4-438B-A31A-A16030214B61}.Release-3.5C|x86.Build.0 = Release|x86
		{669CCD90-EBB4-438B-A31A-A16030214B61}.Release-4.0|Any CPU.ActiveCfg = Release|Any CPU
		{669CCD90-EBB4-438B-A31A-A16030214B61}.Release-4.0|Any CPU.Build.0 = Release|Any CPU
		{669CCD90-EBB4-438B-A31A-A16030214B61}.Release-4.0|x86.ActiveCfg = Release|x86
		{669CCD90-EBB4-438B-A31A-A16030214B61}.Release-4.0|x86.Build.0 = Release|x86
		{669CCD90-EBB4-438B-A31A-A16030214B61}.Release-4.0C|Any CPU.ActiveCfg = Release|Any CPU
		{669CCD90-EBB4-438B-A31A-A16030214B61}.Release-4.0C|Any CPU.Build.0 = Release|Any CPU
		{669CCD90-EBB4-438B-A31A-A16030214B61}.Release-4.0C|x86.ActiveCfg = Release|x86
		{669CCD90-EBB4-438B-A31A-A16030214B61}.Release-4.0C|x86.Build.0 = Release|x86
		{669CCD90-EBB4-438B-A31A-A16030214B61}.Release-4.5|Any CPU.ActiveCfg = Release|Any CPU
		{669CCD90-EBB4-438B-A31A-A16030214B61}.Release-4.5|Any CPU.Build.0 = Release|Any CPU
		{669CCD90-EBB4-438B-A31A-A16030214B61}.Release-4.5|x86.ActiveCfg = Release|x86
		{669CCD90-EBB4-438B-A31A-A16030214B61}.Release-4.5|x86.Build.0 = Release|x86
		{669CCD90-EBB4-438B-A31A-A16030214B61}.Release-Mono|Any CPU.ActiveCfg = Release|Any CPU
		{669CCD90-EBB4-438B-A31A-A16030214B61}.Release-Mono|Any CPU.Build.0 = Release|Any CPU
		{669CCD90-EBB4-438B-A31A-A16030214B61}.Release-Mono|x86.ActiveCfg = Release|x86
		{669CCD90-EBB4-438B-A31A-A16030214B61}.Release-Mono|x86.Build.0 = Release|x86
		{669CCD90-EBB4-438B-A31A-A16030214B61}.SingleImage|Any CPU.ActiveCfg = Release|Any CPU
		{669CCD90-EBB4-438B-A31A-A16030214B61}.SingleImage|Any CPU.Build.0 = Release|Any CPU
		{669CCD90-EBB4-438B-A31A-A16030214B61}.SingleImage|x86.ActiveCfg = Release|x86
		{669CCD90-EBB4-438B-A31A-A16030214B61}.SingleImage|x86.Build.0 = Release|x86
		{DC18E5FA-3C4C-4898-8093-F4DE505E064C}.CD_ROM|Any CPU.ActiveCfg = Release|Any CPU
		{DC18E5FA-3C4C-4898-8093-F4DE505E064C}.CD_ROM|Any CPU.Build.0 = Release|Any CPU
		{DC18E5FA-3C4C-4898-8093-F4DE505E064C}.CD_ROM|x86.ActiveCfg = Release|x86
		{DC18E5FA-3C4C-4898-8093-F4DE505E064C}.CD_ROM|x86.Build.0 = Release|x86
		{DC18E5FA-3C4C-4898-8093-F4DE505E064C}.Debug|Any CPU.ActiveCfg = Debug|Any CPU
		{DC18E5FA-3C4C-4898-8093-F4DE505E064C}.Debug|Any CPU.Build.0 = Debug|Any CPU
		{DC18E5FA-3C4C-4898-8093-F4DE505E064C}.Debug|x86.ActiveCfg = Debug|x86
		{DC18E5FA-3C4C-4898-8093-F4DE505E064C}.Debug|x86.Build.0 = Debug|x86
		{DC18E5FA-3C4C-4898-8093-F4DE505E064C}.DVD-5|Any CPU.ActiveCfg = Debug|Any CPU
		{DC18E5FA-3C4C-4898-8093-F4DE505E064C}.DVD-5|Any CPU.Build.0 = Debug|Any CPU
		{DC18E5FA-3C4C-4898-8093-F4DE505E064C}.DVD-5|x86.ActiveCfg = Debug|x86
		{DC18E5FA-3C4C-4898-8093-F4DE505E064C}.DVD-5|x86.Build.0 = Debug|x86
		{DC18E5FA-3C4C-4898-8093-F4DE505E064C}.Release|Any CPU.ActiveCfg = Release|Any CPU
		{DC18E5FA-3C4C-4898-8093-F4DE505E064C}.Release|Any CPU.Build.0 = Release|Any CPU
		{DC18E5FA-3C4C-4898-8093-F4DE505E064C}.Release|x86.ActiveCfg = Release|x86
		{DC18E5FA-3C4C-4898-8093-F4DE505E064C}.Release|x86.Build.0 = Release|x86
		{DC18E5FA-3C4C-4898-8093-F4DE505E064C}.Release-3.5|Any CPU.ActiveCfg = Release|Any CPU
		{DC18E5FA-3C4C-4898-8093-F4DE505E064C}.Release-3.5|Any CPU.Build.0 = Release|Any CPU
		{DC18E5FA-3C4C-4898-8093-F4DE505E064C}.Release-3.5|x86.ActiveCfg = Release|x86
		{DC18E5FA-3C4C-4898-8093-F4DE505E064C}.Release-3.5|x86.Build.0 = Release|x86
		{DC18E5FA-3C4C-4898-8093-F4DE505E064C}.Release-3.5C|Any CPU.ActiveCfg = Release|Any CPU
		{DC18E5FA-3C4C-4898-8093-F4DE505E064C}.Release-3.5C|Any CPU.Build.0 = Release|Any CPU
		{DC18E5FA-3C4C-4898-8093-F4DE505E064C}.Release-3.5C|x86.ActiveCfg = Release|x86
		{DC18E5FA-3C4C-4898-8093-F4DE505E064C}.Release-3.5C|x86.Build.0 = Release|x86
		{DC18E5FA-3C4C-4898-8093-F4DE505E064C}.Release-4.0|Any CPU.ActiveCfg = Release|Any CPU
		{DC18E5FA-3C4C-4898-8093-F4DE505E064C}.Release-4.0|Any CPU.Build.0 = Release|Any CPU
		{DC18E5FA-3C4C-4898-8093-F4DE505E064C}.Release-4.0|x86.ActiveCfg = Release|x86
		{DC18E5FA-3C4C-4898-8093-F4DE505E064C}.Release-4.0|x86.Build.0 = Release|x86
		{DC18E5FA-3C4C-4898-8093-F4DE505E064C}.Release-4.0C|Any CPU.ActiveCfg = Release|Any CPU
		{DC18E5FA-3C4C-4898-8093-F4DE505E064C}.Release-4.0C|Any CPU.Build.0 = Release|Any CPU
		{DC18E5FA-3C4C-4898-8093-F4DE505E064C}.Release-4.0C|x86.ActiveCfg = Release|x86
		{DC18E5FA-3C4C-4898-8093-F4DE505E064C}.Release-4.0C|x86.Build.0 = Release|x86
		{DC18E5FA-3C4C-4898-8093-F4DE505E064C}.Release-4.5|Any CPU.ActiveCfg = Release|Any CPU
		{DC18E5FA-3C4C-4898-8093-F4DE505E064C}.Release-4.5|Any CPU.Build.0 = Release|Any CPU
		{DC18E5FA-3C4C-4898-8093-F4DE505E064C}.Release-4.5|x86.ActiveCfg = Release|x86
		{DC18E5FA-3C4C-4898-8093-F4DE505E064C}.Release-4.5|x86.Build.0 = Release|x86
		{DC18E5FA-3C4C-4898-8093-F4DE505E064C}.Release-Mono|Any CPU.ActiveCfg = Release|Any CPU
		{DC18E5FA-3C4C-4898-8093-F4DE505E064C}.Release-Mono|Any CPU.Build.0 = Release|Any CPU
		{DC18E5FA-3C4C-4898-8093-F4DE505E064C}.Release-Mono|x86.ActiveCfg = Release|x86
		{DC18E5FA-3C4C-4898-8093-F4DE505E064C}.Release-Mono|x86.Build.0 = Release|x86
		{DC18E5FA-3C4C-4898-8093-F4DE505E064C}.SingleImage|Any CPU.ActiveCfg = Release|Any CPU
		{DC18E5FA-3C4C-4898-8093-F4DE505E064C}.SingleImage|Any CPU.Build.0 = Release|Any CPU
		{DC18E5FA-3C4C-4898-8093-F4DE505E064C}.SingleImage|x86.ActiveCfg = Release|x86
		{DC18E5FA-3C4C-4898-8093-F4DE505E064C}.SingleImage|x86.Build.0 = Release|x86
		{34B323C9-C9C3-4A7C-8341-7786CC7256B9}.CD_ROM|Any CPU.ActiveCfg = CD_ROM
		{34B323C9-C9C3-4A7C-8341-7786CC7256B9}.CD_ROM|Any CPU.Build.0 = CD_ROM
		{34B323C9-C9C3-4A7C-8341-7786CC7256B9}.CD_ROM|x86.ActiveCfg = CD_ROM
		{34B323C9-C9C3-4A7C-8341-7786CC7256B9}.CD_ROM|x86.Build.0 = CD_ROM
		{34B323C9-C9C3-4A7C-8341-7786CC7256B9}.Debug|Any CPU.ActiveCfg = SingleImage
		{34B323C9-C9C3-4A7C-8341-7786CC7256B9}.Debug|Any CPU.Build.0 = SingleImage
		{34B323C9-C9C3-4A7C-8341-7786CC7256B9}.Debug|x86.ActiveCfg = DVD-5
		{34B323C9-C9C3-4A7C-8341-7786CC7256B9}.Debug|x86.Build.0 = DVD-5
		{34B323C9-C9C3-4A7C-8341-7786CC7256B9}.DVD-5|Any CPU.ActiveCfg = SingleImage
		{34B323C9-C9C3-4A7C-8341-7786CC7256B9}.DVD-5|Any CPU.Build.0 = SingleImage
		{34B323C9-C9C3-4A7C-8341-7786CC7256B9}.DVD-5|x86.ActiveCfg = DVD-5
		{34B323C9-C9C3-4A7C-8341-7786CC7256B9}.DVD-5|x86.Build.0 = DVD-5
		{34B323C9-C9C3-4A7C-8341-7786CC7256B9}.Release|Any CPU.ActiveCfg = SingleImage
		{34B323C9-C9C3-4A7C-8341-7786CC7256B9}.Release|Any CPU.Build.0 = SingleImage
		{34B323C9-C9C3-4A7C-8341-7786CC7256B9}.Release|x86.ActiveCfg = SingleImage
		{34B323C9-C9C3-4A7C-8341-7786CC7256B9}.Release|x86.Build.0 = SingleImage
		{34B323C9-C9C3-4A7C-8341-7786CC7256B9}.Release-3.5|Any CPU.ActiveCfg = DVD-5
		{34B323C9-C9C3-4A7C-8341-7786CC7256B9}.Release-3.5|Any CPU.Build.0 = DVD-5
		{34B323C9-C9C3-4A7C-8341-7786CC7256B9}.Release-3.5|x86.ActiveCfg = DVD-5
		{34B323C9-C9C3-4A7C-8341-7786CC7256B9}.Release-3.5|x86.Build.0 = DVD-5
		{34B323C9-C9C3-4A7C-8341-7786CC7256B9}.Release-3.5C|Any CPU.ActiveCfg = DVD-5
		{34B323C9-C9C3-4A7C-8341-7786CC7256B9}.Release-3.5C|Any CPU.Build.0 = DVD-5
		{34B323C9-C9C3-4A7C-8341-7786CC7256B9}.Release-3.5C|x86.ActiveCfg = DVD-5
		{34B323C9-C9C3-4A7C-8341-7786CC7256B9}.Release-3.5C|x86.Build.0 = DVD-5
		{34B323C9-C9C3-4A7C-8341-7786CC7256B9}.Release-4.0|Any CPU.ActiveCfg = DVD-5
		{34B323C9-C9C3-4A7C-8341-7786CC7256B9}.Release-4.0|Any CPU.Build.0 = DVD-5
		{34B323C9-C9C3-4A7C-8341-7786CC7256B9}.Release-4.0|x86.ActiveCfg = DVD-5
		{34B323C9-C9C3-4A7C-8341-7786CC7256B9}.Release-4.0|x86.Build.0 = DVD-5
		{34B323C9-C9C3-4A7C-8341-7786CC7256B9}.Release-4.0C|Any CPU.ActiveCfg = DVD-5
		{34B323C9-C9C3-4A7C-8341-7786CC7256B9}.Release-4.0C|Any CPU.Build.0 = DVD-5
		{34B323C9-C9C3-4A7C-8341-7786CC7256B9}.Release-4.0C|x86.ActiveCfg = DVD-5
		{34B323C9-C9C3-4A7C-8341-7786CC7256B9}.Release-4.0C|x86.Build.0 = DVD-5
		{34B323C9-C9C3-4A7C-8341-7786CC7256B9}.Release-4.5|Any CPU.ActiveCfg = DVD-5
		{34B323C9-C9C3-4A7C-8341-7786CC7256B9}.Release-4.5|Any CPU.Build.0 = DVD-5
		{34B323C9-C9C3-4A7C-8341-7786CC7256B9}.Release-4.5|x86.ActiveCfg = DVD-5
		{34B323C9-C9C3-4A7C-8341-7786CC7256B9}.Release-4.5|x86.Build.0 = DVD-5
		{34B323C9-C9C3-4A7C-8341-7786CC7256B9}.Release-Mono|Any CPU.ActiveCfg = DVD-5
		{34B323C9-C9C3-4A7C-8341-7786CC7256B9}.Release-Mono|Any CPU.Build.0 = DVD-5
		{34B323C9-C9C3-4A7C-8341-7786CC7256B9}.Release-Mono|x86.ActiveCfg = DVD-5
		{34B323C9-C9C3-4A7C-8341-7786CC7256B9}.Release-Mono|x86.Build.0 = DVD-5
		{34B323C9-C9C3-4A7C-8341-7786CC7256B9}.SingleImage|Any CPU.ActiveCfg = SingleImage
		{34B323C9-C9C3-4A7C-8341-7786CC7256B9}.SingleImage|Any CPU.Build.0 = SingleImage
		{34B323C9-C9C3-4A7C-8341-7786CC7256B9}.SingleImage|x86.ActiveCfg = SingleImage
		{34B323C9-C9C3-4A7C-8341-7786CC7256B9}.SingleImage|x86.Build.0 = SingleImage
		{26E260E3-AB62-4BB2-AFAC-5788A9BB1211}.CD_ROM|Any CPU.ActiveCfg = Release|Any CPU
		{26E260E3-AB62-4BB2-AFAC-5788A9BB1211}.CD_ROM|Any CPU.Build.0 = Release|Any CPU
		{26E260E3-AB62-4BB2-AFAC-5788A9BB1211}.CD_ROM|x86.ActiveCfg = Release|x86
		{26E260E3-AB62-4BB2-AFAC-5788A9BB1211}.CD_ROM|x86.Build.0 = Release|x86
		{26E260E3-AB62-4BB2-AFAC-5788A9BB1211}.Debug|Any CPU.ActiveCfg = Debug|Any CPU
		{26E260E3-AB62-4BB2-AFAC-5788A9BB1211}.Debug|Any CPU.Build.0 = Debug|Any CPU
		{26E260E3-AB62-4BB2-AFAC-5788A9BB1211}.Debug|x86.ActiveCfg = Debug|x86
		{26E260E3-AB62-4BB2-AFAC-5788A9BB1211}.Debug|x86.Build.0 = Debug|x86
		{26E260E3-AB62-4BB2-AFAC-5788A9BB1211}.DVD-5|Any CPU.ActiveCfg = Debug|Any CPU
		{26E260E3-AB62-4BB2-AFAC-5788A9BB1211}.DVD-5|Any CPU.Build.0 = Debug|Any CPU
		{26E260E3-AB62-4BB2-AFAC-5788A9BB1211}.DVD-5|x86.ActiveCfg = Debug|x86
		{26E260E3-AB62-4BB2-AFAC-5788A9BB1211}.DVD-5|x86.Build.0 = Debug|x86
		{26E260E3-AB62-4BB2-AFAC-5788A9BB1211}.Release|Any CPU.ActiveCfg = Release|Any CPU
		{26E260E3-AB62-4BB2-AFAC-5788A9BB1211}.Release|Any CPU.Build.0 = Release|Any CPU
		{26E260E3-AB62-4BB2-AFAC-5788A9BB1211}.Release|x86.ActiveCfg = Release|x86
		{26E260E3-AB62-4BB2-AFAC-5788A9BB1211}.Release|x86.Build.0 = Release|x86
		{26E260E3-AB62-4BB2-AFAC-5788A9BB1211}.Release-3.5|Any CPU.ActiveCfg = Release|Any CPU
		{26E260E3-AB62-4BB2-AFAC-5788A9BB1211}.Release-3.5|Any CPU.Build.0 = Release|Any CPU
		{26E260E3-AB62-4BB2-AFAC-5788A9BB1211}.Release-3.5|x86.ActiveCfg = Release|x86
		{26E260E3-AB62-4BB2-AFAC-5788A9BB1211}.Release-3.5|x86.Build.0 = Release|x86
		{26E260E3-AB62-4BB2-AFAC-5788A9BB1211}.Release-3.5C|Any CPU.ActiveCfg = Release|Any CPU
		{26E260E3-AB62-4BB2-AFAC-5788A9BB1211}.Release-3.5C|Any CPU.Build.0 = Release|Any CPU
		{26E260E3-AB62-4BB2-AFAC-5788A9BB1211}.Release-3.5C|x86.ActiveCfg = Release|x86
		{26E260E3-AB62-4BB2-AFAC-5788A9BB1211}.Release-3.5C|x86.Build.0 = Release|x86
		{26E260E3-AB62-4BB2-AFAC-5788A9BB1211}.Release-4.0|Any CPU.ActiveCfg = Release|Any CPU
		{26E260E3-AB62-4BB2-AFAC-5788A9BB1211}.Release-4.0|Any CPU.Build.0 = Release|Any CPU
		{26E260E3-AB62-4BB2-AFAC-5788A9BB1211}.Release-4.0|x86.ActiveCfg = Release|x86
		{26E260E3-AB62-4BB2-AFAC-5788A9BB1211}.Release-4.0|x86.Build.0 = Release|x86
		{26E260E3-AB62-4BB2-AFAC-5788A9BB1211}.Release-4.0C|Any CPU.ActiveCfg = Release|Any CPU
		{26E260E3-AB62-4BB2-AFAC-5788A9BB1211}.Release-4.0C|Any CPU.Build.0 = Release|Any CPU
		{26E260E3-AB62-4BB2-AFAC-5788A9BB1211}.Release-4.0C|x86.ActiveCfg = Release|x86
		{26E260E3-AB62-4BB2-AFAC-5788A9BB1211}.Release-4.0C|x86.Build.0 = Release|x86
		{26E260E3-AB62-4BB2-AFAC-5788A9BB1211}.Release-4.5|Any CPU.ActiveCfg = Release|Any CPU
		{26E260E3-AB62-4BB2-AFAC-5788A9BB1211}.Release-4.5|Any CPU.Build.0 = Release|Any CPU
		{26E260E3-AB62-4BB2-AFAC-5788A9BB1211}.Release-4.5|x86.ActiveCfg = Release|x86
		{26E260E3-AB62-4BB2-AFAC-5788A9BB1211}.Release-4.5|x86.Build.0 = Release|x86
		{26E260E3-AB62-4BB2-AFAC-5788A9BB1211}.Release-Mono|Any CPU.ActiveCfg = Release|Any CPU
		{26E260E3-AB62-4BB2-AFAC-5788A9BB1211}.Release-Mono|Any CPU.Build.0 = Release|Any CPU
		{26E260E3-AB62-4BB2-AFAC-5788A9BB1211}.Release-Mono|x86.ActiveCfg = Release|x86
		{26E260E3-AB62-4BB2-AFAC-5788A9BB1211}.Release-Mono|x86.Build.0 = Release|x86
		{26E260E3-AB62-4BB2-AFAC-5788A9BB1211}.SingleImage|Any CPU.ActiveCfg = Release|Any CPU
		{26E260E3-AB62-4BB2-AFAC-5788A9BB1211}.SingleImage|Any CPU.Build.0 = Release|Any CPU
		{26E260E3-AB62-4BB2-AFAC-5788A9BB1211}.SingleImage|x86.ActiveCfg = Release|x86
		{26E260E3-AB62-4BB2-AFAC-5788A9BB1211}.SingleImage|x86.Build.0 = Release|x86
		{756F6A58-7996-4B8B-8CB6-61C69E8D2F8B}.CD_ROM|Any CPU.ActiveCfg = Release|Any CPU
		{756F6A58-7996-4B8B-8CB6-61C69E8D2F8B}.CD_ROM|Any CPU.Build.0 = Release|Any CPU
		{756F6A58-7996-4B8B-8CB6-61C69E8D2F8B}.CD_ROM|x86.ActiveCfg = Release|x86
		{756F6A58-7996-4B8B-8CB6-61C69E8D2F8B}.CD_ROM|x86.Build.0 = Release|x86
		{756F6A58-7996-4B8B-8CB6-61C69E8D2F8B}.Debug|Any CPU.ActiveCfg = Debug|Any CPU
		{756F6A58-7996-4B8B-8CB6-61C69E8D2F8B}.Debug|Any CPU.Build.0 = Debug|Any CPU
		{756F6A58-7996-4B8B-8CB6-61C69E8D2F8B}.Debug|x86.ActiveCfg = Debug|x86
		{756F6A58-7996-4B8B-8CB6-61C69E8D2F8B}.Debug|x86.Build.0 = Debug|x86
		{756F6A58-7996-4B8B-8CB6-61C69E8D2F8B}.DVD-5|Any CPU.ActiveCfg = Debug|Any CPU
		{756F6A58-7996-4B8B-8CB6-61C69E8D2F8B}.DVD-5|Any CPU.Build.0 = Debug|Any CPU
		{756F6A58-7996-4B8B-8CB6-61C69E8D2F8B}.DVD-5|x86.ActiveCfg = Debug|x86
		{756F6A58-7996-4B8B-8CB6-61C69E8D2F8B}.DVD-5|x86.Build.0 = Debug|x86
		{756F6A58-7996-4B8B-8CB6-61C69E8D2F8B}.Release|Any CPU.ActiveCfg = Release|Any CPU
		{756F6A58-7996-4B8B-8CB6-61C69E8D2F8B}.Release|Any CPU.Build.0 = Release|Any CPU
		{756F6A58-7996-4B8B-8CB6-61C69E8D2F8B}.Release|x86.ActiveCfg = Release|x86
		{756F6A58-7996-4B8B-8CB6-61C69E8D2F8B}.Release|x86.Build.0 = Release|x86
		{756F6A58-7996-4B8B-8CB6-61C69E8D2F8B}.Release-3.5|Any CPU.ActiveCfg = Release|Any CPU
		{756F6A58-7996-4B8B-8CB6-61C69E8D2F8B}.Release-3.5|Any CPU.Build.0 = Release|Any CPU
		{756F6A58-7996-4B8B-8CB6-61C69E8D2F8B}.Release-3.5|x86.ActiveCfg = Release|x86
		{756F6A58-7996-4B8B-8CB6-61C69E8D2F8B}.Release-3.5|x86.Build.0 = Release|x86
		{756F6A58-7996-4B8B-8CB6-61C69E8D2F8B}.Release-3.5C|Any CPU.ActiveCfg = Release|Any CPU
		{756F6A58-7996-4B8B-8CB6-61C69E8D2F8B}.Release-3.5C|Any CPU.Build.0 = Release|Any CPU
		{756F6A58-7996-4B8B-8CB6-61C69E8D2F8B}.Release-3.5C|x86.ActiveCfg = Release|x86
		{756F6A58-7996-4B8B-8CB6-61C69E8D2F8B}.Release-3.5C|x86.Build.0 = Release|x86
		{756F6A58-7996-4B8B-8CB6-61C69E8D2F8B}.Release-4.0|Any CPU.ActiveCfg = Release|Any CPU
		{756F6A58-7996-4B8B-8CB6-61C69E8D2F8B}.Release-4.0|Any CPU.Build.0 = Release|Any CPU
		{756F6A58-7996-4B8B-8CB6-61C69E8D2F8B}.Release-4.0|x86.ActiveCfg = Release|x86
		{756F6A58-7996-4B8B-8CB6-61C69E8D2F8B}.Release-4.0|x86.Build.0 = Release|x86
		{756F6A58-7996-4B8B-8CB6-61C69E8D2F8B}.Release-4.0C|Any CPU.ActiveCfg = Release|Any CPU
		{756F6A58-7996-4B8B-8CB6-61C69E8D2F8B}.Release-4.0C|Any CPU.Build.0 = Release|Any CPU
		{756F6A58-7996-4B8B-8CB6-61C69E8D2F8B}.Release-4.0C|x86.ActiveCfg = Release|x86
		{756F6A58-7996-4B8B-8CB6-61C69E8D2F8B}.Release-4.0C|x86.Build.0 = Release|x86
		{756F6A58-7996-4B8B-8CB6-61C69E8D2F8B}.Release-4.5|Any CPU.ActiveCfg = Release|Any CPU
		{756F6A58-7996-4B8B-8CB6-61C69E8D2F8B}.Release-4.5|Any CPU.Build.0 = Release|Any CPU
		{756F6A58-7996-4B8B-8CB6-61C69E8D2F8B}.Release-4.5|x86.ActiveCfg = Release|x86
		{756F6A58-7996-4B8B-8CB6-61C69E8D2F8B}.Release-4.5|x86.Build.0 = Release|x86
		{756F6A58-7996-4B8B-8CB6-61C69E8D2F8B}.Release-Mono|Any CPU.ActiveCfg = Release|Any CPU
		{756F6A58-7996-4B8B-8CB6-61C69E8D2F8B}.Release-Mono|Any CPU.Build.0 = Release|Any CPU
		{756F6A58-7996-4B8B-8CB6-61C69E8D2F8B}.Release-Mono|x86.ActiveCfg = Release|x86
		{756F6A58-7996-4B8B-8CB6-61C69E8D2F8B}.Release-Mono|x86.Build.0 = Release|x86
		{756F6A58-7996-4B8B-8CB6-61C69E8D2F8B}.SingleImage|Any CPU.ActiveCfg = Release|Any CPU
		{756F6A58-7996-4B8B-8CB6-61C69E8D2F8B}.SingleImage|Any CPU.Build.0 = Release|Any CPU
		{756F6A58-7996-4B8B-8CB6-61C69E8D2F8B}.SingleImage|x86.ActiveCfg = Release|x86
		{756F6A58-7996-4B8B-8CB6-61C69E8D2F8B}.SingleImage|x86.Build.0 = Release|x86
		{E77158F7-209F-4555-8958-86E820BACAC4}.CD_ROM|Any CPU.ActiveCfg = Release|Any CPU
		{E77158F7-209F-4555-8958-86E820BACAC4}.CD_ROM|Any CPU.Build.0 = Release|Any CPU
		{E77158F7-209F-4555-8958-86E820BACAC4}.CD_ROM|x86.ActiveCfg = Release|x86
		{E77158F7-209F-4555-8958-86E820BACAC4}.CD_ROM|x86.Build.0 = Release|x86
		{E77158F7-209F-4555-8958-86E820BACAC4}.Debug|Any CPU.ActiveCfg = Debug|Any CPU
		{E77158F7-209F-4555-8958-86E820BACAC4}.Debug|Any CPU.Build.0 = Debug|Any CPU
		{E77158F7-209F-4555-8958-86E820BACAC4}.Debug|x86.ActiveCfg = Debug|x86
		{E77158F7-209F-4555-8958-86E820BACAC4}.Debug|x86.Build.0 = Debug|x86
		{E77158F7-209F-4555-8958-86E820BACAC4}.DVD-5|Any CPU.ActiveCfg = Debug|Any CPU
		{E77158F7-209F-4555-8958-86E820BACAC4}.DVD-5|Any CPU.Build.0 = Debug|Any CPU
		{E77158F7-209F-4555-8958-86E820BACAC4}.DVD-5|x86.ActiveCfg = Debug|x86
		{E77158F7-209F-4555-8958-86E820BACAC4}.DVD-5|x86.Build.0 = Debug|x86
		{E77158F7-209F-4555-8958-86E820BACAC4}.Release|Any CPU.ActiveCfg = Release|Any CPU
		{E77158F7-209F-4555-8958-86E820BACAC4}.Release|Any CPU.Build.0 = Release|Any CPU
		{E77158F7-209F-4555-8958-86E820BACAC4}.Release|x86.ActiveCfg = Release|x86
		{E77158F7-209F-4555-8958-86E820BACAC4}.Release|x86.Build.0 = Release|x86
		{E77158F7-209F-4555-8958-86E820BACAC4}.Release-3.5|Any CPU.ActiveCfg = Release|Any CPU
		{E77158F7-209F-4555-8958-86E820BACAC4}.Release-3.5|Any CPU.Build.0 = Release|Any CPU
		{E77158F7-209F-4555-8958-86E820BACAC4}.Release-3.5|x86.ActiveCfg = Release|x86
		{E77158F7-209F-4555-8958-86E820BACAC4}.Release-3.5|x86.Build.0 = Release|x86
		{E77158F7-209F-4555-8958-86E820BACAC4}.Release-3.5C|Any CPU.ActiveCfg = Release|Any CPU
		{E77158F7-209F-4555-8958-86E820BACAC4}.Release-3.5C|Any CPU.Build.0 = Release|Any CPU
		{E77158F7-209F-4555-8958-86E820BACAC4}.Release-3.5C|x86.ActiveCfg = Release|x86
		{E77158F7-209F-4555-8958-86E820BACAC4}.Release-3.5C|x86.Build.0 = Release|x86
		{E77158F7-209F-4555-8958-86E820BACAC4}.Release-4.0|Any CPU.ActiveCfg = Release|Any CPU
		{E77158F7-209F-4555-8958-86E820BACAC4}.Release-4.0|Any CPU.Build.0 = Release|Any CPU
		{E77158F7-209F-4555-8958-86E820BACAC4}.Release-4.0|x86.ActiveCfg = Release|x86
		{E77158F7-209F-4555-8958-86E820BACAC4}.Release-4.0|x86.Build.0 = Release|x86
		{E77158F7-209F-4555-8958-86E820BACAC4}.Release-4.0C|Any CPU.ActiveCfg = Release|Any CPU
		{E77158F7-209F-4555-8958-86E820BACAC4}.Release-4.0C|Any CPU.Build.0 = Release|Any CPU
		{E77158F7-209F-4555-8958-86E820BACAC4}.Release-4.0C|x86.ActiveCfg = Release|x86
		{E77158F7-209F-4555-8958-86E820BACAC4}.Release-4.0C|x86.Build.0 = Release|x86
		{E77158F7-209F-4555-8958-86E820BACAC4}.Release-4.5|Any CPU.ActiveCfg = Release|Any CPU
		{E77158F7-209F-4555-8958-86E820BACAC4}.Release-4.5|Any CPU.Build.0 = Release|Any CPU
		{E77158F7-209F-4555-8958-86E820BACAC4}.Release-4.5|x86.ActiveCfg = Release|x86
		{E77158F7-209F-4555-8958-86E820BACAC4}.Release-4.5|x86.Build.0 = Release|x86
		{E77158F7-209F-4555-8958-86E820BACAC4}.Release-Mono|Any CPU.ActiveCfg = Release|Any CPU
		{E77158F7-209F-4555-8958-86E820BACAC4}.Release-Mono|Any CPU.Build.0 = Release|Any CPU
		{E77158F7-209F-4555-8958-86E820BACAC4}.Release-Mono|x86.ActiveCfg = Release|x86
		{E77158F7-209F-4555-8958-86E820BACAC4}.Release-Mono|x86.Build.0 = Release|x86
		{E77158F7-209F-4555-8958-86E820BACAC4}.SingleImage|Any CPU.ActiveCfg = Release|Any CPU
		{E77158F7-209F-4555-8958-86E820BACAC4}.SingleImage|Any CPU.Build.0 = Release|Any CPU
		{E77158F7-209F-4555-8958-86E820BACAC4}.SingleImage|x86.ActiveCfg = Release|x86
		{E77158F7-209F-4555-8958-86E820BACAC4}.SingleImage|x86.Build.0 = Release|x86
		{D4C64F83-62AF-490A-888B-04C4FD18AD18}.CD_ROM|Any CPU.ActiveCfg = Release|Any CPU
		{D4C64F83-62AF-490A-888B-04C4FD18AD18}.CD_ROM|Any CPU.Build.0 = Release|Any CPU
		{D4C64F83-62AF-490A-888B-04C4FD18AD18}.CD_ROM|x86.ActiveCfg = Release|x86
		{D4C64F83-62AF-490A-888B-04C4FD18AD18}.CD_ROM|x86.Build.0 = Release|x86
		{D4C64F83-62AF-490A-888B-04C4FD18AD18}.Debug|Any CPU.ActiveCfg = Debug|Any CPU
		{D4C64F83-62AF-490A-888B-04C4FD18AD18}.Debug|Any CPU.Build.0 = Debug|Any CPU
		{D4C64F83-62AF-490A-888B-04C4FD18AD18}.Debug|x86.ActiveCfg = Debug|x86
		{D4C64F83-62AF-490A-888B-04C4FD18AD18}.Debug|x86.Build.0 = Debug|x86
		{D4C64F83-62AF-490A-888B-04C4FD18AD18}.DVD-5|Any CPU.ActiveCfg = Debug|Any CPU
		{D4C64F83-62AF-490A-888B-04C4FD18AD18}.DVD-5|Any CPU.Build.0 = Debug|Any CPU
		{D4C64F83-62AF-490A-888B-04C4FD18AD18}.DVD-5|x86.ActiveCfg = Debug|x86
		{D4C64F83-62AF-490A-888B-04C4FD18AD18}.DVD-5|x86.Build.0 = Debug|x86
		{D4C64F83-62AF-490A-888B-04C4FD18AD18}.Release|Any CPU.ActiveCfg = Release|Any CPU
		{D4C64F83-62AF-490A-888B-04C4FD18AD18}.Release|Any CPU.Build.0 = Release|Any CPU
		{D4C64F83-62AF-490A-888B-04C4FD18AD18}.Release|x86.ActiveCfg = Release|x86
		{D4C64F83-62AF-490A-888B-04C4FD18AD18}.Release|x86.Build.0 = Release|x86
		{D4C64F83-62AF-490A-888B-04C4FD18AD18}.Release-3.5|Any CPU.ActiveCfg = Release|Any CPU
		{D4C64F83-62AF-490A-888B-04C4FD18AD18}.Release-3.5|Any CPU.Build.0 = Release|Any CPU
		{D4C64F83-62AF-490A-888B-04C4FD18AD18}.Release-3.5|x86.ActiveCfg = Release|x86
		{D4C64F83-62AF-490A-888B-04C4FD18AD18}.Release-3.5|x86.Build.0 = Release|x86
		{D4C64F83-62AF-490A-888B-04C4FD18AD18}.Release-3.5C|Any CPU.ActiveCfg = Release|Any CPU
		{D4C64F83-62AF-490A-888B-04C4FD18AD18}.Release-3.5C|Any CPU.Build.0 = Release|Any CPU
		{D4C64F83-62AF-490A-888B-04C4FD18AD18}.Release-3.5C|x86.ActiveCfg = Release|x86
		{D4C64F83-62AF-490A-888B-04C4FD18AD18}.Release-3.5C|x86.Build.0 = Release|x86
		{D4C64F83-62AF-490A-888B-04C4FD18AD18}.Release-4.0|Any CPU.ActiveCfg = Release|Any CPU
		{D4C64F83-62AF-490A-888B-04C4FD18AD18}.Release-4.0|Any CPU.Build.0 = Release|Any CPU
		{D4C64F83-62AF-490A-888B-04C4FD18AD18}.Release-4.0|x86.ActiveCfg = Release|x86
		{D4C64F83-62AF-490A-888B-04C4FD18AD18}.Release-4.0|x86.Build.0 = Release|x86
		{D4C64F83-62AF-490A-888B-04C4FD18AD18}.Release-4.0C|Any CPU.ActiveCfg = Release|Any CPU
		{D4C64F83-62AF-490A-888B-04C4FD18AD18}.Release-4.0C|Any CPU.Build.0 = Release|Any CPU
		{D4C64F83-62AF-490A-888B-04C4FD18AD18}.Release-4.0C|x86.ActiveCfg = Release|x86
		{D4C64F83-62AF-490A-888B-04C4FD18AD18}.Release-4.0C|x86.Build.0 = Release|x86
		{D4C64F83-62AF-490A-888B-04C4FD18AD18}.Release-4.5|Any CPU.ActiveCfg = Release|Any CPU
		{D4C64F83-62AF-490A-888B-04C4FD18AD18}.Release-4.5|Any CPU.Build.0 = Release|Any CPU
		{D4C64F83-62AF-490A-888B-04C4FD18AD18}.Release-4.5|x86.ActiveCfg = Release|x86
		{D4C64F83-62AF-490A-888B-04C4FD18AD18}.Release-4.5|x86.Build.0 = Release|x86
		{D4C64F83-62AF-490A-888B-04C4FD18AD18}.Release-Mono|Any CPU.ActiveCfg = Release|Any CPU
		{D4C64F83-62AF-490A-888B-04C4FD18AD18}.Release-Mono|Any CPU.Build.0 = Release|Any CPU
		{D4C64F83-62AF-490A-888B-04C4FD18AD18}.Release-Mono|x86.ActiveCfg = Release|x86
		{D4C64F83-62AF-490A-888B-04C4FD18AD18}.Release-Mono|x86.Build.0 = Release|x86
		{D4C64F83-62AF-490A-888B-04C4FD18AD18}.SingleImage|Any CPU.ActiveCfg = Release|Any CPU
		{D4C64F83-62AF-490A-888B-04C4FD18AD18}.SingleImage|Any CPU.Build.0 = Release|Any CPU
		{D4C64F83-62AF-490A-888B-04C4FD18AD18}.SingleImage|x86.ActiveCfg = Release|x86
		{D4C64F83-62AF-490A-888B-04C4FD18AD18}.SingleImage|x86.Build.0 = Release|x86
		{57A750D9-36B6-410B-8808-29CABE955842}.CD_ROM|Any CPU.ActiveCfg = Release|Any CPU
		{57A750D9-36B6-410B-8808-29CABE955842}.CD_ROM|Any CPU.Build.0 = Release|Any CPU
		{57A750D9-36B6-410B-8808-29CABE955842}.CD_ROM|x86.ActiveCfg = Release|x86
		{57A750D9-36B6-410B-8808-29CABE955842}.CD_ROM|x86.Build.0 = Release|x86
		{57A750D9-36B6-410B-8808-29CABE955842}.Debug|Any CPU.ActiveCfg = Debug|Any CPU
		{57A750D9-36B6-410B-8808-29CABE955842}.Debug|Any CPU.Build.0 = Debug|Any CPU
		{57A750D9-36B6-410B-8808-29CABE955842}.Debug|x86.ActiveCfg = Debug|x86
		{57A750D9-36B6-410B-8808-29CABE955842}.Debug|x86.Build.0 = Debug|x86
		{57A750D9-36B6-410B-8808-29CABE955842}.DVD-5|Any CPU.ActiveCfg = Debug|Any CPU
		{57A750D9-36B6-410B-8808-29CABE955842}.DVD-5|Any CPU.Build.0 = Debug|Any CPU
		{57A750D9-36B6-410B-8808-29CABE955842}.DVD-5|x86.ActiveCfg = Debug|x86
		{57A750D9-36B6-410B-8808-29CABE955842}.DVD-5|x86.Build.0 = Debug|x86
		{57A750D9-36B6-410B-8808-29CABE955842}.Release|Any CPU.ActiveCfg = Release|Any CPU
		{57A750D9-36B6-410B-8808-29CABE955842}.Release|Any CPU.Build.0 = Release|Any CPU
		{57A750D9-36B6-410B-8808-29CABE955842}.Release|x86.ActiveCfg = Release|x86
		{57A750D9-36B6-410B-8808-29CABE955842}.Release|x86.Build.0 = Release|x86
		{57A750D9-36B6-410B-8808-29CABE955842}.Release-3.5|Any CPU.ActiveCfg = Release|Any CPU
		{57A750D9-36B6-410B-8808-29CABE955842}.Release-3.5|Any CPU.Build.0 = Release|Any CPU
		{57A750D9-36B6-410B-8808-29CABE955842}.Release-3.5|x86.ActiveCfg = Release|x86
		{57A750D9-36B6-410B-8808-29CABE955842}.Release-3.5|x86.Build.0 = Release|x86
		{57A750D9-36B6-410B-8808-29CABE955842}.Release-3.5C|Any CPU.ActiveCfg = Release|Any CPU
		{57A750D9-36B6-410B-8808-29CABE955842}.Release-3.5C|Any CPU.Build.0 = Release|Any CPU
		{57A750D9-36B6-410B-8808-29CABE955842}.Release-3.5C|x86.ActiveCfg = Release|x86
		{57A750D9-36B6-410B-8808-29CABE955842}.Release-3.5C|x86.Build.0 = Release|x86
		{57A750D9-36B6-410B-8808-29CABE955842}.Release-4.0|Any CPU.ActiveCfg = Release|Any CPU
		{57A750D9-36B6-410B-8808-29CABE955842}.Release-4.0|Any CPU.Build.0 = Release|Any CPU
		{57A750D9-36B6-410B-8808-29CABE955842}.Release-4.0|x86.ActiveCfg = Release|x86
		{57A750D9-36B6-410B-8808-29CABE955842}.Release-4.0|x86.Build.0 = Release|x86
		{57A750D9-36B6-410B-8808-29CABE955842}.Release-4.0C|Any CPU.ActiveCfg = Release|Any CPU
		{57A750D9-36B6-410B-8808-29CABE955842}.Release-4.0C|Any CPU.Build.0 = Release|Any CPU
		{57A750D9-36B6-410B-8808-29CABE955842}.Release-4.0C|x86.ActiveCfg = Release|x86
		{57A750D9-36B6-410B-8808-29CABE955842}.Release-4.0C|x86.Build.0 = Release|x86
		{57A750D9-36B6-410B-8808-29CABE955842}.Release-4.5|Any CPU.ActiveCfg = Release|Any CPU
		{57A750D9-36B6-410B-8808-29CABE955842}.Release-4.5|Any CPU.Build.0 = Release|Any CPU
		{57A750D9-36B6-410B-8808-29CABE955842}.Release-4.5|x86.ActiveCfg = Release|x86
		{57A750D9-36B6-410B-8808-29CABE955842}.Release-4.5|x86.Build.0 = Release|x86
		{57A750D9-36B6-410B-8808-29CABE955842}.Release-Mono|Any CPU.ActiveCfg = Release|Any CPU
		{57A750D9-36B6-410B-8808-29CABE955842}.Release-Mono|Any CPU.Build.0 = Release|Any CPU
		{57A750D9-36B6-410B-8808-29CABE955842}.Release-Mono|x86.ActiveCfg = Release|x86
		{57A750D9-36B6-410B-8808-29CABE955842}.Release-Mono|x86.Build.0 = Release|x86
		{57A750D9-36B6-410B-8808-29CABE955842}.SingleImage|Any CPU.ActiveCfg = Release|Any CPU
		{57A750D9-36B6-410B-8808-29CABE955842}.SingleImage|Any CPU.Build.0 = Release|Any CPU
		{57A750D9-36B6-410B-8808-29CABE955842}.SingleImage|x86.ActiveCfg = Release|x86
		{57A750D9-36B6-410B-8808-29CABE955842}.SingleImage|x86.Build.0 = Release|x86
		{AC9A090A-EB11-48E3-8A88-E9DE45BD4B06}.CD_ROM|Any CPU.ActiveCfg = Release|Any CPU
		{AC9A090A-EB11-48E3-8A88-E9DE45BD4B06}.CD_ROM|Any CPU.Build.0 = Release|Any CPU
		{AC9A090A-EB11-48E3-8A88-E9DE45BD4B06}.CD_ROM|x86.ActiveCfg = Release|x86
		{AC9A090A-EB11-48E3-8A88-E9DE45BD4B06}.CD_ROM|x86.Build.0 = Release|x86
		{AC9A090A-EB11-48E3-8A88-E9DE45BD4B06}.Debug|Any CPU.ActiveCfg = Debug|Any CPU
		{AC9A090A-EB11-48E3-8A88-E9DE45BD4B06}.Debug|Any CPU.Build.0 = Debug|Any CPU
		{AC9A090A-EB11-48E3-8A88-E9DE45BD4B06}.Debug|x86.ActiveCfg = Debug|x86
		{AC9A090A-EB11-48E3-8A88-E9DE45BD4B06}.Debug|x86.Build.0 = Debug|x86
		{AC9A090A-EB11-48E3-8A88-E9DE45BD4B06}.DVD-5|Any CPU.ActiveCfg = Debug|Any CPU
		{AC9A090A-EB11-48E3-8A88-E9DE45BD4B06}.DVD-5|Any CPU.Build.0 = Debug|Any CPU
		{AC9A090A-EB11-48E3-8A88-E9DE45BD4B06}.DVD-5|x86.ActiveCfg = Debug|x86
		{AC9A090A-EB11-48E3-8A88-E9DE45BD4B06}.DVD-5|x86.Build.0 = Debug|x86
		{AC9A090A-EB11-48E3-8A88-E9DE45BD4B06}.Release|Any CPU.ActiveCfg = Release|Any CPU
		{AC9A090A-EB11-48E3-8A88-E9DE45BD4B06}.Release|Any CPU.Build.0 = Release|Any CPU
		{AC9A090A-EB11-48E3-8A88-E9DE45BD4B06}.Release|x86.ActiveCfg = Release|x86
		{AC9A090A-EB11-48E3-8A88-E9DE45BD4B06}.Release|x86.Build.0 = Release|x86
		{AC9A090A-EB11-48E3-8A88-E9DE45BD4B06}.Release-3.5|Any CPU.ActiveCfg = Release|Any CPU
		{AC9A090A-EB11-48E3-8A88-E9DE45BD4B06}.Release-3.5|Any CPU.Build.0 = Release|Any CPU
		{AC9A090A-EB11-48E3-8A88-E9DE45BD4B06}.Release-3.5|x86.ActiveCfg = Release|x86
		{AC9A090A-EB11-48E3-8A88-E9DE45BD4B06}.Release-3.5|x86.Build.0 = Release|x86
		{AC9A090A-EB11-48E3-8A88-E9DE45BD4B06}.Release-3.5C|Any CPU.ActiveCfg = Release|Any CPU
		{AC9A090A-EB11-48E3-8A88-E9DE45BD4B06}.Release-3.5C|Any CPU.Build.0 = Release|Any CPU
		{AC9A090A-EB11-48E3-8A88-E9DE45BD4B06}.Release-3.5C|x86.ActiveCfg = Release|x86
		{AC9A090A-EB11-48E3-8A88-E9DE45BD4B06}.Release-3.5C|x86.Build.0 = Release|x86
		{AC9A090A-EB11-48E3-8A88-E9DE45BD4B06}.Release-4.0|Any CPU.ActiveCfg = Release|Any CPU
		{AC9A090A-EB11-48E3-8A88-E9DE45BD4B06}.Release-4.0|Any CPU.Build.0 = Release|Any CPU
		{AC9A090A-EB11-48E3-8A88-E9DE45BD4B06}.Release-4.0|x86.ActiveCfg = Release|x86
		{AC9A090A-EB11-48E3-8A88-E9DE45BD4B06}.Release-4.0|x86.Build.0 = Release|x86
		{AC9A090A-EB11-48E3-8A88-E9DE45BD4B06}.Release-4.0C|Any CPU.ActiveCfg = Release|Any CPU
		{AC9A090A-EB11-48E3-8A88-E9DE45BD4B06}.Release-4.0C|Any CPU.Build.0 = Release|Any CPU
		{AC9A090A-EB11-48E3-8A88-E9DE45BD4B06}.Release-4.0C|x86.ActiveCfg = Release|x86
		{AC9A090A-EB11-48E3-8A88-E9DE45BD4B06}.Release-4.0C|x86.Build.0 = Release|x86
		{AC9A090A-EB11-48E3-8A88-E9DE45BD4B06}.Release-4.5|Any CPU.ActiveCfg = Release|Any CPU
		{AC9A090A-EB11-48E3-8A88-E9DE45BD4B06}.Release-4.5|Any CPU.Build.0 = Release|Any CPU
		{AC9A090A-EB11-48E3-8A88-E9DE45BD4B06}.Release-4.5|x86.ActiveCfg = Release|x86
		{AC9A090A-EB11-48E3-8A88-E9DE45BD4B06}.Release-4.5|x86.Build.0 = Release|x86
		{AC9A090A-EB11-48E3-8A88-E9DE45BD4B06}.Release-Mono|Any CPU.ActiveCfg = Release|Any CPU
		{AC9A090A-EB11-48E3-8A88-E9DE45BD4B06}.Release-Mono|Any CPU.Build.0 = Release|Any CPU
		{AC9A090A-EB11-48E3-8A88-E9DE45BD4B06}.Release-Mono|x86.ActiveCfg = Release|x86
		{AC9A090A-EB11-48E3-8A88-E9DE45BD4B06}.Release-Mono|x86.Build.0 = Release|x86
		{AC9A090A-EB11-48E3-8A88-E9DE45BD4B06}.SingleImage|Any CPU.ActiveCfg = Release|Any CPU
		{AC9A090A-EB11-48E3-8A88-E9DE45BD4B06}.SingleImage|Any CPU.Build.0 = Release|Any CPU
		{AC9A090A-EB11-48E3-8A88-E9DE45BD4B06}.SingleImage|x86.ActiveCfg = Release|x86
		{AC9A090A-EB11-48E3-8A88-E9DE45BD4B06}.SingleImage|x86.Build.0 = Release|x86
		{6EECA358-C495-40C7-A5EA-445FBF0FB710}.CD_ROM|Any CPU.ActiveCfg = Release|Any CPU
		{6EECA358-C495-40C7-A5EA-445FBF0FB710}.CD_ROM|Any CPU.Build.0 = Release|Any CPU
		{6EECA358-C495-40C7-A5EA-445FBF0FB710}.CD_ROM|x86.ActiveCfg = Release|x86
		{6EECA358-C495-40C7-A5EA-445FBF0FB710}.CD_ROM|x86.Build.0 = Release|x86
		{6EECA358-C495-40C7-A5EA-445FBF0FB710}.Debug|Any CPU.ActiveCfg = Debug|Any CPU
		{6EECA358-C495-40C7-A5EA-445FBF0FB710}.Debug|Any CPU.Build.0 = Debug|Any CPU
		{6EECA358-C495-40C7-A5EA-445FBF0FB710}.Debug|x86.ActiveCfg = Debug|x86
		{6EECA358-C495-40C7-A5EA-445FBF0FB710}.Debug|x86.Build.0 = Debug|x86
		{6EECA358-C495-40C7-A5EA-445FBF0FB710}.DVD-5|Any CPU.ActiveCfg = Debug|Any CPU
		{6EECA358-C495-40C7-A5EA-445FBF0FB710}.DVD-5|Any CPU.Build.0 = Debug|Any CPU
		{6EECA358-C495-40C7-A5EA-445FBF0FB710}.DVD-5|x86.ActiveCfg = Debug|x86
		{6EECA358-C495-40C7-A5EA-445FBF0FB710}.DVD-5|x86.Build.0 = Debug|x86
		{6EECA358-C495-40C7-A5EA-445FBF0FB710}.Release|Any CPU.ActiveCfg = Release|Any CPU
		{6EECA358-C495-40C7-A5EA-445FBF0FB710}.Release|Any CPU.Build.0 = Release|Any CPU
		{6EECA358-C495-40C7-A5EA-445FBF0FB710}.Release|x86.ActiveCfg = Release|x86
		{6EECA358-C495-40C7-A5EA-445FBF0FB710}.Release|x86.Build.0 = Release|x86
		{6EECA358-C495-40C7-A5EA-445FBF0FB710}.Release-3.5|Any CPU.ActiveCfg = Release|Any CPU
		{6EECA358-C495-40C7-A5EA-445FBF0FB710}.Release-3.5|Any CPU.Build.0 = Release|Any CPU
		{6EECA358-C495-40C7-A5EA-445FBF0FB710}.Release-3.5|x86.ActiveCfg = Release|x86
		{6EECA358-C495-40C7-A5EA-445FBF0FB710}.Release-3.5|x86.Build.0 = Release|x86
		{6EECA358-C495-40C7-A5EA-445FBF0FB710}.Release-3.5C|Any CPU.ActiveCfg = Release|Any CPU
		{6EECA358-C495-40C7-A5EA-445FBF0FB710}.Release-3.5C|Any CPU.Build.0 = Release|Any CPU
		{6EECA358-C495-40C7-A5EA-445FBF0FB710}.Release-3.5C|x86.ActiveCfg = Release|x86
		{6EECA358-C495-40C7-A5EA-445FBF0FB710}.Release-3.5C|x86.Build.0 = Release|x86
		{6EECA358-C495-40C7-A5EA-445FBF0FB710}.Release-4.0|Any CPU.ActiveCfg = Release|Any CPU
		{6EECA358-C495-40C7-A5EA-445FBF0FB710}.Release-4.0|Any CPU.Build.0 = Release|Any CPU
		{6EECA358-C495-40C7-A5EA-445FBF0FB710}.Release-4.0|x86.ActiveCfg = Release|x86
		{6EECA358-C495-40C7-A5EA-445FBF0FB710}.Release-4.0|x86.Build.0 = Release|x86
		{6EECA358-C495-40C7-A5EA-445FBF0FB710}.Release-4.0C|Any CPU.ActiveCfg = Release|Any CPU
		{6EECA358-C495-40C7-A5EA-445FBF0FB710}.Release-4.0C|Any CPU.Build.0 = Release|Any CPU
		{6EECA358-C495-40C7-A5EA-445FBF0FB710}.Release-4.0C|x86.ActiveCfg = Release|x86
		{6EECA358-C495-40C7-A5EA-445FBF0FB710}.Release-4.0C|x86.Build.0 = Release|x86
		{6EECA358-C495-40C7-A5EA-445FBF0FB710}.Release-4.5|Any CPU.ActiveCfg = Release|Any CPU
		{6EECA358-C495-40C7-A5EA-445FBF0FB710}.Release-4.5|Any CPU.Build.0 = Release|Any CPU
		{6EECA358-C495-40C7-A5EA-445FBF0FB710}.Release-4.5|x86.ActiveCfg = Release|x86
		{6EECA358-C495-40C7-A5EA-445FBF0FB710}.Release-4.5|x86.Build.0 = Release|x86
		{6EECA358-C495-40C7-A5EA-445FBF0FB710}.Release-Mono|Any CPU.ActiveCfg = Release|Any CPU
		{6EECA358-C495-40C7-A5EA-445FBF0FB710}.Release-Mono|Any CPU.Build.0 = Release|Any CPU
		{6EECA358-C495-40C7-A5EA-445FBF0FB710}.Release-Mono|x86.ActiveCfg = Release|x86
		{6EECA358-C495-40C7-A5EA-445FBF0FB710}.Release-Mono|x86.Build.0 = Release|x86
		{6EECA358-C495-40C7-A5EA-445FBF0FB710}.SingleImage|Any CPU.ActiveCfg = Release|Any CPU
		{6EECA358-C495-40C7-A5EA-445FBF0FB710}.SingleImage|Any CPU.Build.0 = Release|Any CPU
		{6EECA358-C495-40C7-A5EA-445FBF0FB710}.SingleImage|x86.ActiveCfg = Release|x86
		{6EECA358-C495-40C7-A5EA-445FBF0FB710}.SingleImage|x86.Build.0 = Release|x86
		{5005A377-0A59-4E18-9E8B-DE05BEC67E67}.CD_ROM|Any CPU.ActiveCfg = Release|Any CPU
		{5005A377-0A59-4E18-9E8B-DE05BEC67E67}.CD_ROM|Any CPU.Build.0 = Release|Any CPU
		{5005A377-0A59-4E18-9E8B-DE05BEC67E67}.CD_ROM|x86.ActiveCfg = Release|Any CPU
		{5005A377-0A59-4E18-9E8B-DE05BEC67E67}.CD_ROM|x86.Build.0 = Release|Any CPU
		{5005A377-0A59-4E18-9E8B-DE05BEC67E67}.Debug|Any CPU.ActiveCfg = Debug|Any CPU
		{5005A377-0A59-4E18-9E8B-DE05BEC67E67}.Debug|Any CPU.Build.0 = Debug|Any CPU
		{5005A377-0A59-4E18-9E8B-DE05BEC67E67}.Debug|x86.ActiveCfg = Debug|Any CPU
		{5005A377-0A59-4E18-9E8B-DE05BEC67E67}.Debug|x86.Build.0 = Debug|Any CPU
		{5005A377-0A59-4E18-9E8B-DE05BEC67E67}.DVD-5|Any CPU.ActiveCfg = Debug|Any CPU
		{5005A377-0A59-4E18-9E8B-DE05BEC67E67}.DVD-5|Any CPU.Build.0 = Debug|Any CPU
		{5005A377-0A59-4E18-9E8B-DE05BEC67E67}.DVD-5|x86.ActiveCfg = Debug|Any CPU
		{5005A377-0A59-4E18-9E8B-DE05BEC67E67}.DVD-5|x86.Build.0 = Debug|Any CPU
		{5005A377-0A59-4E18-9E8B-DE05BEC67E67}.Release|Any CPU.ActiveCfg = Release|Any CPU
		{5005A377-0A59-4E18-9E8B-DE05BEC67E67}.Release|Any CPU.Build.0 = Release|Any CPU
		{5005A377-0A59-4E18-9E8B-DE05BEC67E67}.Release|x86.ActiveCfg = Release|Any CPU
		{5005A377-0A59-4E18-9E8B-DE05BEC67E67}.Release|x86.Build.0 = Release|Any CPU
		{5005A377-0A59-4E18-9E8B-DE05BEC67E67}.Release-3.5|Any CPU.ActiveCfg = Release|Any CPU
		{5005A377-0A59-4E18-9E8B-DE05BEC67E67}.Release-3.5|Any CPU.Build.0 = Release|Any CPU
		{5005A377-0A59-4E18-9E8B-DE05BEC67E67}.Release-3.5|x86.ActiveCfg = Release|Any CPU
		{5005A377-0A59-4E18-9E8B-DE05BEC67E67}.Release-3.5|x86.Build.0 = Release|Any CPU
		{5005A377-0A59-4E18-9E8B-DE05BEC67E67}.Release-3.5C|Any CPU.ActiveCfg = Release|Any CPU
		{5005A377-0A59-4E18-9E8B-DE05BEC67E67}.Release-3.5C|Any CPU.Build.0 = Release|Any CPU
		{5005A377-0A59-4E18-9E8B-DE05BEC67E67}.Release-3.5C|x86.ActiveCfg = Release|Any CPU
		{5005A377-0A59-4E18-9E8B-DE05BEC67E67}.Release-3.5C|x86.Build.0 = Release|Any CPU
		{5005A377-0A59-4E18-9E8B-DE05BEC67E67}.Release-4.0|Any CPU.ActiveCfg = Release|Any CPU
		{5005A377-0A59-4E18-9E8B-DE05BEC67E67}.Release-4.0|Any CPU.Build.0 = Release|Any CPU
		{5005A377-0A59-4E18-9E8B-DE05BEC67E67}.Release-4.0|x86.ActiveCfg = Release|Any CPU
		{5005A377-0A59-4E18-9E8B-DE05BEC67E67}.Release-4.0|x86.Build.0 = Release|Any CPU
		{5005A377-0A59-4E18-9E8B-DE05BEC67E67}.Release-4.0C|Any CPU.ActiveCfg = Release|Any CPU
		{5005A377-0A59-4E18-9E8B-DE05BEC67E67}.Release-4.0C|Any CPU.Build.0 = Release|Any CPU
		{5005A377-0A59-4E18-9E8B-DE05BEC67E67}.Release-4.0C|x86.ActiveCfg = Release|Any CPU
		{5005A377-0A59-4E18-9E8B-DE05BEC67E67}.Release-4.0C|x86.Build.0 = Release|Any CPU
		{5005A377-0A59-4E18-9E8B-DE05BEC67E67}.Release-4.5|Any CPU.ActiveCfg = Release|Any CPU
		{5005A377-0A59-4E18-9E8B-DE05BEC67E67}.Release-4.5|Any CPU.Build.0 = Release|Any CPU
		{5005A377-0A59-4E18-9E8B-DE05BEC67E67}.Release-4.5|x86.ActiveCfg = Release|Any CPU
		{5005A377-0A59-4E18-9E8B-DE05BEC67E67}.Release-4.5|x86.Build.0 = Release|Any CPU
		{5005A377-0A59-4E18-9E8B-DE05BEC67E67}.Release-Mono|Any CPU.ActiveCfg = Release|Any CPU
		{5005A377-0A59-4E18-9E8B-DE05BEC67E67}.Release-Mono|Any CPU.Build.0 = Release|Any CPU
		{5005A377-0A59-4E18-9E8B-DE05BEC67E67}.Release-Mono|x86.ActiveCfg = Release|Any CPU
		{5005A377-0A59-4E18-9E8B-DE05BEC67E67}.Release-Mono|x86.Build.0 = Release|Any CPU
		{5005A377-0A59-4E18-9E8B-DE05BEC67E67}.SingleImage|Any CPU.ActiveCfg = Release|Any CPU
		{5005A377-0A59-4E18-9E8B-DE05BEC67E67}.SingleImage|Any CPU.Build.0 = Release|Any CPU
		{5005A377-0A59-4E18-9E8B-DE05BEC67E67}.SingleImage|x86.ActiveCfg = Release|Any CPU
		{5005A377-0A59-4E18-9E8B-DE05BEC67E67}.SingleImage|x86.Build.0 = Release|Any CPU
		{483A7938-0F07-44AD-9B59-9AE79117507C}.CD_ROM|Any CPU.ActiveCfg = Release|Any CPU
		{483A7938-0F07-44AD-9B59-9AE79117507C}.CD_ROM|Any CPU.Build.0 = Release|Any CPU
		{483A7938-0F07-44AD-9B59-9AE79117507C}.CD_ROM|x86.ActiveCfg = Release|Any CPU
		{483A7938-0F07-44AD-9B59-9AE79117507C}.CD_ROM|x86.Build.0 = Release|Any CPU
		{483A7938-0F07-44AD-9B59-9AE79117507C}.Debug|Any CPU.ActiveCfg = Debug|Any CPU
		{483A7938-0F07-44AD-9B59-9AE79117507C}.Debug|Any CPU.Build.0 = Debug|Any CPU
		{483A7938-0F07-44AD-9B59-9AE79117507C}.Debug|x86.ActiveCfg = Debug|Any CPU
		{483A7938-0F07-44AD-9B59-9AE79117507C}.Debug|x86.Build.0 = Debug|Any CPU
		{483A7938-0F07-44AD-9B59-9AE79117507C}.DVD-5|Any CPU.ActiveCfg = Debug|Any CPU
		{483A7938-0F07-44AD-9B59-9AE79117507C}.DVD-5|Any CPU.Build.0 = Debug|Any CPU
		{483A7938-0F07-44AD-9B59-9AE79117507C}.DVD-5|x86.ActiveCfg = Debug|Any CPU
		{483A7938-0F07-44AD-9B59-9AE79117507C}.DVD-5|x86.Build.0 = Debug|Any CPU
		{483A7938-0F07-44AD-9B59-9AE79117507C}.Release|Any CPU.ActiveCfg = Release|Any CPU
		{483A7938-0F07-44AD-9B59-9AE79117507C}.Release|Any CPU.Build.0 = Release|Any CPU
		{483A7938-0F07-44AD-9B59-9AE79117507C}.Release|x86.ActiveCfg = Release|Any CPU
		{483A7938-0F07-44AD-9B59-9AE79117507C}.Release|x86.Build.0 = Release|Any CPU
		{483A7938-0F07-44AD-9B59-9AE79117507C}.Release-3.5|Any CPU.ActiveCfg = Release|Any CPU
		{483A7938-0F07-44AD-9B59-9AE79117507C}.Release-3.5|Any CPU.Build.0 = Release|Any CPU
		{483A7938-0F07-44AD-9B59-9AE79117507C}.Release-3.5|x86.ActiveCfg = Release|Any CPU
		{483A7938-0F07-44AD-9B59-9AE79117507C}.Release-3.5|x86.Build.0 = Release|Any CPU
		{483A7938-0F07-44AD-9B59-9AE79117507C}.Release-3.5C|Any CPU.ActiveCfg = Release|Any CPU
		{483A7938-0F07-44AD-9B59-9AE79117507C}.Release-3.5C|Any CPU.Build.0 = Release|Any CPU
		{483A7938-0F07-44AD-9B59-9AE79117507C}.Release-3.5C|x86.ActiveCfg = Release|Any CPU
		{483A7938-0F07-44AD-9B59-9AE79117507C}.Release-3.5C|x86.Build.0 = Release|Any CPU
		{483A7938-0F07-44AD-9B59-9AE79117507C}.Release-4.0|Any CPU.ActiveCfg = Release|Any CPU
		{483A7938-0F07-44AD-9B59-9AE79117507C}.Release-4.0|Any CPU.Build.0 = Release|Any CPU
		{483A7938-0F07-44AD-9B59-9AE79117507C}.Release-4.0|x86.ActiveCfg = Release|Any CPU
		{483A7938-0F07-44AD-9B59-9AE79117507C}.Release-4.0|x86.Build.0 = Release|Any CPU
		{483A7938-0F07-44AD-9B59-9AE79117507C}.Release-4.0C|Any CPU.ActiveCfg = Release|Any CPU
		{483A7938-0F07-44AD-9B59-9AE79117507C}.Release-4.0C|Any CPU.Build.0 = Release|Any CPU
		{483A7938-0F07-44AD-9B59-9AE79117507C}.Release-4.0C|x86.ActiveCfg = Release|Any CPU
		{483A7938-0F07-44AD-9B59-9AE79117507C}.Release-4.0C|x86.Build.0 = Release|Any CPU
		{483A7938-0F07-44AD-9B59-9AE79117507C}.Release-4.5|Any CPU.ActiveCfg = Release|Any CPU
		{483A7938-0F07-44AD-9B59-9AE79117507C}.Release-4.5|Any CPU.Build.0 = Release|Any CPU
		{483A7938-0F07-44AD-9B59-9AE79117507C}.Release-4.5|x86.ActiveCfg = Release|Any CPU
		{483A7938-0F07-44AD-9B59-9AE79117507C}.Release-4.5|x86.Build.0 = Release|Any CPU
		{483A7938-0F07-44AD-9B59-9AE79117507C}.Release-Mono|Any CPU.ActiveCfg = Release|Any CPU
		{483A7938-0F07-44AD-9B59-9AE79117507C}.Release-Mono|Any CPU.Build.0 = Release|Any CPU
		{483A7938-0F07-44AD-9B59-9AE79117507C}.Release-Mono|x86.ActiveCfg = Release|Any CPU
		{483A7938-0F07-44AD-9B59-9AE79117507C}.Release-Mono|x86.Build.0 = Release|Any CPU
		{483A7938-0F07-44AD-9B59-9AE79117507C}.SingleImage|Any CPU.ActiveCfg = Release|Any CPU
		{483A7938-0F07-44AD-9B59-9AE79117507C}.SingleImage|Any CPU.Build.0 = Release|Any CPU
		{483A7938-0F07-44AD-9B59-9AE79117507C}.SingleImage|x86.ActiveCfg = Release|Any CPU
		{483A7938-0F07-44AD-9B59-9AE79117507C}.SingleImage|x86.Build.0 = Release|Any CPU
		{103F395D-E3AC-497D-BF78-2F820922E092}.CD_ROM|Any CPU.ActiveCfg = Release|Any CPU
		{103F395D-E3AC-497D-BF78-2F820922E092}.CD_ROM|Any CPU.Build.0 = Release|Any CPU
		{103F395D-E3AC-497D-BF78-2F820922E092}.CD_ROM|x86.ActiveCfg = Release|x86
		{103F395D-E3AC-497D-BF78-2F820922E092}.CD_ROM|x86.Build.0 = Release|x86
		{103F395D-E3AC-497D-BF78-2F820922E092}.Debug|Any CPU.ActiveCfg = Debug|Any CPU
		{103F395D-E3AC-497D-BF78-2F820922E092}.Debug|Any CPU.Build.0 = Debug|Any CPU
		{103F395D-E3AC-497D-BF78-2F820922E092}.Debug|x86.ActiveCfg = Debug|x86
		{103F395D-E3AC-497D-BF78-2F820922E092}.Debug|x86.Build.0 = Debug|x86
		{103F395D-E3AC-497D-BF78-2F820922E092}.DVD-5|Any CPU.ActiveCfg = Debug|Any CPU
		{103F395D-E3AC-497D-BF78-2F820922E092}.DVD-5|Any CPU.Build.0 = Debug|Any CPU
		{103F395D-E3AC-497D-BF78-2F820922E092}.DVD-5|x86.ActiveCfg = Debug|x86
		{103F395D-E3AC-497D-BF78-2F820922E092}.DVD-5|x86.Build.0 = Debug|x86
		{103F395D-E3AC-497D-BF78-2F820922E092}.Release|Any CPU.ActiveCfg = Release|Any CPU
		{103F395D-E3AC-497D-BF78-2F820922E092}.Release|Any CPU.Build.0 = Release|Any CPU
		{103F395D-E3AC-497D-BF78-2F820922E092}.Release|x86.ActiveCfg = Release|x86
		{103F395D-E3AC-497D-BF78-2F820922E092}.Release|x86.Build.0 = Release|x86
		{103F395D-E3AC-497D-BF78-2F820922E092}.Release-3.5|Any CPU.ActiveCfg = Release|Any CPU
		{103F395D-E3AC-497D-BF78-2F820922E092}.Release-3.5|Any CPU.Build.0 = Release|Any CPU
		{103F395D-E3AC-497D-BF78-2F820922E092}.Release-3.5|x86.ActiveCfg = Release|x86
		{103F395D-E3AC-497D-BF78-2F820922E092}.Release-3.5|x86.Build.0 = Release|x86
		{103F395D-E3AC-497D-BF78-2F820922E092}.Release-3.5C|Any CPU.ActiveCfg = Release|Any CPU
		{103F395D-E3AC-497D-BF78-2F820922E092}.Release-3.5C|Any CPU.Build.0 = Release|Any CPU
		{103F395D-E3AC-497D-BF78-2F820922E092}.Release-3.5C|x86.ActiveCfg = Release|x86
		{103F395D-E3AC-497D-BF78-2F820922E092}.Release-3.5C|x86.Build.0 = Release|x86
		{103F395D-E3AC-497D-BF78-2F820922E092}.Release-4.0|Any CPU.ActiveCfg = Release|Any CPU
		{103F395D-E3AC-497D-BF78-2F820922E092}.Release-4.0|Any CPU.Build.0 = Release|Any CPU
		{103F395D-E3AC-497D-BF78-2F820922E092}.Release-4.0|x86.ActiveCfg = Release|x86
		{103F395D-E3AC-497D-BF78-2F820922E092}.Release-4.0|x86.Build.0 = Release|x86
		{103F395D-E3AC-497D-BF78-2F820922E092}.Release-4.0C|Any CPU.ActiveCfg = Release|Any CPU
		{103F395D-E3AC-497D-BF78-2F820922E092}.Release-4.0C|Any CPU.Build.0 = Release|Any CPU
		{103F395D-E3AC-497D-BF78-2F820922E092}.Release-4.0C|x86.ActiveCfg = Release|x86
		{103F395D-E3AC-497D-BF78-2F820922E092}.Release-4.0C|x86.Build.0 = Release|x86
		{103F395D-E3AC-497D-BF78-2F820922E092}.Release-4.5|Any CPU.ActiveCfg = Release|Any CPU
		{103F395D-E3AC-497D-BF78-2F820922E092}.Release-4.5|Any CPU.Build.0 = Release|Any CPU
		{103F395D-E3AC-497D-BF78-2F820922E092}.Release-4.5|x86.ActiveCfg = Release|x86
		{103F395D-E3AC-497D-BF78-2F820922E092}.Release-4.5|x86.Build.0 = Release|x86
		{103F395D-E3AC-497D-BF78-2F820922E092}.Release-Mono|Any CPU.ActiveCfg = Release|Any CPU
		{103F395D-E3AC-497D-BF78-2F820922E092}.Release-Mono|Any CPU.Build.0 = Release|Any CPU
		{103F395D-E3AC-497D-BF78-2F820922E092}.Release-Mono|x86.ActiveCfg = Release|x86
		{103F395D-E3AC-497D-BF78-2F820922E092}.Release-Mono|x86.Build.0 = Release|x86
		{103F395D-E3AC-497D-BF78-2F820922E092}.SingleImage|Any CPU.ActiveCfg = Release|Any CPU
		{103F395D-E3AC-497D-BF78-2F820922E092}.SingleImage|Any CPU.Build.0 = Release|Any CPU
		{103F395D-E3AC-497D-BF78-2F820922E092}.SingleImage|x86.ActiveCfg = Release|x86
		{103F395D-E3AC-497D-BF78-2F820922E092}.SingleImage|x86.Build.0 = Release|x86
		{4190BBD7-5200-43F5-A691-0908FFFA7FE5}.CD_ROM|Any CPU.ActiveCfg = Release|Any CPU
		{4190BBD7-5200-43F5-A691-0908FFFA7FE5}.CD_ROM|Any CPU.Build.0 = Release|Any CPU
		{4190BBD7-5200-43F5-A691-0908FFFA7FE5}.CD_ROM|x86.ActiveCfg = Release|Any CPU
		{4190BBD7-5200-43F5-A691-0908FFFA7FE5}.CD_ROM|x86.Build.0 = Release|Any CPU
		{4190BBD7-5200-43F5-A691-0908FFFA7FE5}.Debug|Any CPU.ActiveCfg = Debug|Any CPU
		{4190BBD7-5200-43F5-A691-0908FFFA7FE5}.Debug|Any CPU.Build.0 = Debug|Any CPU
		{4190BBD7-5200-43F5-A691-0908FFFA7FE5}.Debug|x86.ActiveCfg = Debug|Any CPU
		{4190BBD7-5200-43F5-A691-0908FFFA7FE5}.Debug|x86.Build.0 = Debug|Any CPU
		{4190BBD7-5200-43F5-A691-0908FFFA7FE5}.DVD-5|Any CPU.ActiveCfg = Debug|Any CPU
		{4190BBD7-5200-43F5-A691-0908FFFA7FE5}.DVD-5|Any CPU.Build.0 = Debug|Any CPU
		{4190BBD7-5200-43F5-A691-0908FFFA7FE5}.DVD-5|x86.ActiveCfg = Debug|Any CPU
		{4190BBD7-5200-43F5-A691-0908FFFA7FE5}.DVD-5|x86.Build.0 = Debug|Any CPU
		{4190BBD7-5200-43F5-A691-0908FFFA7FE5}.Release|Any CPU.ActiveCfg = Release|Any CPU
		{4190BBD7-5200-43F5-A691-0908FFFA7FE5}.Release|Any CPU.Build.0 = Release|Any CPU
		{4190BBD7-5200-43F5-A691-0908FFFA7FE5}.Release|x86.ActiveCfg = Release|Any CPU
		{4190BBD7-5200-43F5-A691-0908FFFA7FE5}.Release|x86.Build.0 = Release|Any CPU
		{4190BBD7-5200-43F5-A691-0908FFFA7FE5}.Release-3.5|Any CPU.ActiveCfg = Release|Any CPU
		{4190BBD7-5200-43F5-A691-0908FFFA7FE5}.Release-3.5|Any CPU.Build.0 = Release|Any CPU
		{4190BBD7-5200-43F5-A691-0908FFFA7FE5}.Release-3.5|x86.ActiveCfg = Release|Any CPU
		{4190BBD7-5200-43F5-A691-0908FFFA7FE5}.Release-3.5|x86.Build.0 = Release|Any CPU
		{4190BBD7-5200-43F5-A691-0908FFFA7FE5}.Release-3.5C|Any CPU.ActiveCfg = Release|Any CPU
		{4190BBD7-5200-43F5-A691-0908FFFA7FE5}.Release-3.5C|Any CPU.Build.0 = Release|Any CPU
		{4190BBD7-5200-43F5-A691-0908FFFA7FE5}.Release-3.5C|x86.ActiveCfg = Release|Any CPU
		{4190BBD7-5200-43F5-A691-0908FFFA7FE5}.Release-3.5C|x86.Build.0 = Release|Any CPU
		{4190BBD7-5200-43F5-A691-0908FFFA7FE5}.Release-4.0|Any CPU.ActiveCfg = Release|Any CPU
		{4190BBD7-5200-43F5-A691-0908FFFA7FE5}.Release-4.0|Any CPU.Build.0 = Release|Any CPU
		{4190BBD7-5200-43F5-A691-0908FFFA7FE5}.Release-4.0|x86.ActiveCfg = Release|Any CPU
		{4190BBD7-5200-43F5-A691-0908FFFA7FE5}.Release-4.0|x86.Build.0 = Release|Any CPU
		{4190BBD7-5200-43F5-A691-0908FFFA7FE5}.Release-4.0C|Any CPU.ActiveCfg = Release|Any CPU
		{4190BBD7-5200-43F5-A691-0908FFFA7FE5}.Release-4.0C|Any CPU.Build.0 = Release|Any CPU
		{4190BBD7-5200-43F5-A691-0908FFFA7FE5}.Release-4.0C|x86.ActiveCfg = Release|Any CPU
		{4190BBD7-5200-43F5-A691-0908FFFA7FE5}.Release-4.0C|x86.Build.0 = Release|Any CPU
		{4190BBD7-5200-43F5-A691-0908FFFA7FE5}.Release-4.5|Any CPU.ActiveCfg = Release|Any CPU
		{4190BBD7-5200-43F5-A691-0908FFFA7FE5}.Release-4.5|Any CPU.Build.0 = Release|Any CPU
		{4190BBD7-5200-43F5-A691-0908FFFA7FE5}.Release-4.5|x86.ActiveCfg = Release|Any CPU
		{4190BBD7-5200-43F5-A691-0908FFFA7FE5}.Release-4.5|x86.Build.0 = Release|Any CPU
		{4190BBD7-5200-43F5-A691-0908FFFA7FE5}.Release-Mono|Any CPU.ActiveCfg = Release|Any CPU
		{4190BBD7-5200-43F5-A691-0908FFFA7FE5}.Release-Mono|Any CPU.Build.0 = Release|Any CPU
		{4190BBD7-5200-43F5-A691-0908FFFA7FE5}.Release-Mono|x86.ActiveCfg = Release|Any CPU
		{4190BBD7-5200-43F5-A691-0908FFFA7FE5}.Release-Mono|x86.Build.0 = Release|Any CPU
		{4190BBD7-5200-43F5-A691-0908FFFA7FE5}.SingleImage|Any CPU.ActiveCfg = Release|Any CPU
		{4190BBD7-5200-43F5-A691-0908FFFA7FE5}.SingleImage|Any CPU.Build.0 = Release|Any CPU
		{4190BBD7-5200-43F5-A691-0908FFFA7FE5}.SingleImage|x86.ActiveCfg = Release|Any CPU
		{4190BBD7-5200-43F5-A691-0908FFFA7FE5}.SingleImage|x86.Build.0 = Release|Any CPU
		{B6A8489D-1522-4EAF-AC2F-CC85D766BCEE}.CD_ROM|Any CPU.ActiveCfg = Release|Any CPU
		{B6A8489D-1522-4EAF-AC2F-CC85D766BCEE}.CD_ROM|Any CPU.Build.0 = Release|Any CPU
		{B6A8489D-1522-4EAF-AC2F-CC85D766BCEE}.CD_ROM|x86.ActiveCfg = Release|Any CPU
		{B6A8489D-1522-4EAF-AC2F-CC85D766BCEE}.CD_ROM|x86.Build.0 = Release|Any CPU
		{B6A8489D-1522-4EAF-AC2F-CC85D766BCEE}.Debug|Any CPU.ActiveCfg = Debug|Any CPU
		{B6A8489D-1522-4EAF-AC2F-CC85D766BCEE}.Debug|Any CPU.Build.0 = Debug|Any CPU
		{B6A8489D-1522-4EAF-AC2F-CC85D766BCEE}.Debug|x86.ActiveCfg = Debug|Any CPU
		{B6A8489D-1522-4EAF-AC2F-CC85D766BCEE}.Debug|x86.Build.0 = Debug|Any CPU
		{B6A8489D-1522-4EAF-AC2F-CC85D766BCEE}.DVD-5|Any CPU.ActiveCfg = Debug|Any CPU
		{B6A8489D-1522-4EAF-AC2F-CC85D766BCEE}.DVD-5|Any CPU.Build.0 = Debug|Any CPU
		{B6A8489D-1522-4EAF-AC2F-CC85D766BCEE}.DVD-5|x86.ActiveCfg = Debug|Any CPU
		{B6A8489D-1522-4EAF-AC2F-CC85D766BCEE}.DVD-5|x86.Build.0 = Debug|Any CPU
		{B6A8489D-1522-4EAF-AC2F-CC85D766BCEE}.Release|Any CPU.ActiveCfg = Release|Any CPU
		{B6A8489D-1522-4EAF-AC2F-CC85D766BCEE}.Release|Any CPU.Build.0 = Release|Any CPU
		{B6A8489D-1522-4EAF-AC2F-CC85D766BCEE}.Release|x86.ActiveCfg = Release|Any CPU
		{B6A8489D-1522-4EAF-AC2F-CC85D766BCEE}.Release|x86.Build.0 = Release|Any CPU
		{B6A8489D-1522-4EAF-AC2F-CC85D766BCEE}.Release-3.5|Any CPU.ActiveCfg = Release|Any CPU
		{B6A8489D-1522-4EAF-AC2F-CC85D766BCEE}.Release-3.5|Any CPU.Build.0 = Release|Any CPU
		{B6A8489D-1522-4EAF-AC2F-CC85D766BCEE}.Release-3.5|x86.ActiveCfg = Release|Any CPU
		{B6A8489D-1522-4EAF-AC2F-CC85D766BCEE}.Release-3.5|x86.Build.0 = Release|Any CPU
		{B6A8489D-1522-4EAF-AC2F-CC85D766BCEE}.Release-3.5C|Any CPU.ActiveCfg = Release|Any CPU
		{B6A8489D-1522-4EAF-AC2F-CC85D766BCEE}.Release-3.5C|Any CPU.Build.0 = Release|Any CPU
		{B6A8489D-1522-4EAF-AC2F-CC85D766BCEE}.Release-3.5C|x86.ActiveCfg = Release|Any CPU
		{B6A8489D-1522-4EAF-AC2F-CC85D766BCEE}.Release-3.5C|x86.Build.0 = Release|Any CPU
		{B6A8489D-1522-4EAF-AC2F-CC85D766BCEE}.Release-4.0|Any CPU.ActiveCfg = Release|Any CPU
		{B6A8489D-1522-4EAF-AC2F-CC85D766BCEE}.Release-4.0|Any CPU.Build.0 = Release|Any CPU
		{B6A8489D-1522-4EAF-AC2F-CC85D766BCEE}.Release-4.0|x86.ActiveCfg = Release|Any CPU
		{B6A8489D-1522-4EAF-AC2F-CC85D766BCEE}.Release-4.0|x86.Build.0 = Release|Any CPU
		{B6A8489D-1522-4EAF-AC2F-CC85D766BCEE}.Release-4.0C|Any CPU.ActiveCfg = Release|Any CPU
		{B6A8489D-1522-4EAF-AC2F-CC85D766BCEE}.Release-4.0C|Any CPU.Build.0 = Release|Any CPU
		{B6A8489D-1522-4EAF-AC2F-CC85D766BCEE}.Release-4.0C|x86.ActiveCfg = Release|Any CPU
		{B6A8489D-1522-4EAF-AC2F-CC85D766BCEE}.Release-4.0C|x86.Build.0 = Release|Any CPU
		{B6A8489D-1522-4EAF-AC2F-CC85D766BCEE}.Release-4.5|Any CPU.ActiveCfg = Release|Any CPU
		{B6A8489D-1522-4EAF-AC2F-CC85D766BCEE}.Release-4.5|Any CPU.Build.0 = Release|Any CPU
		{B6A8489D-1522-4EAF-AC2F-CC85D766BCEE}.Release-4.5|x86.ActiveCfg = Release|Any CPU
		{B6A8489D-1522-4EAF-AC2F-CC85D766BCEE}.Release-4.5|x86.Build.0 = Release|Any CPU
		{B6A8489D-1522-4EAF-AC2F-CC85D766BCEE}.Release-Mono|Any CPU.ActiveCfg = Release|Any CPU
		{B6A8489D-1522-4EAF-AC2F-CC85D766BCEE}.Release-Mono|Any CPU.Build.0 = Release|Any CPU
		{B6A8489D-1522-4EAF-AC2F-CC85D766BCEE}.Release-Mono|x86.ActiveCfg = Release|Any CPU
		{B6A8489D-1522-4EAF-AC2F-CC85D766BCEE}.Release-Mono|x86.Build.0 = Release|Any CPU
		{B6A8489D-1522-4EAF-AC2F-CC85D766BCEE}.SingleImage|Any CPU.ActiveCfg = Release|Any CPU
		{B6A8489D-1522-4EAF-AC2F-CC85D766BCEE}.SingleImage|Any CPU.Build.0 = Release|Any CPU
		{B6A8489D-1522-4EAF-AC2F-CC85D766BCEE}.SingleImage|x86.ActiveCfg = Release|Any CPU
		{B6A8489D-1522-4EAF-AC2F-CC85D766BCEE}.SingleImage|x86.Build.0 = Release|Any CPU
		{D33A60D2-ABC0-422E-B1C4-CD59A0548320}.CD_ROM|Any CPU.ActiveCfg = Release|Any CPU
		{D33A60D2-ABC0-422E-B1C4-CD59A0548320}.CD_ROM|Any CPU.Build.0 = Release|Any CPU
		{D33A60D2-ABC0-422E-B1C4-CD59A0548320}.CD_ROM|x86.ActiveCfg = Release|Any CPU
		{D33A60D2-ABC0-422E-B1C4-CD59A0548320}.CD_ROM|x86.Build.0 = Release|Any CPU
		{D33A60D2-ABC0-422E-B1C4-CD59A0548320}.Debug|Any CPU.ActiveCfg = Debug|Any CPU
		{D33A60D2-ABC0-422E-B1C4-CD59A0548320}.Debug|Any CPU.Build.0 = Debug|Any CPU
		{D33A60D2-ABC0-422E-B1C4-CD59A0548320}.Debug|x86.ActiveCfg = Debug|Any CPU
		{D33A60D2-ABC0-422E-B1C4-CD59A0548320}.Debug|x86.Build.0 = Debug|Any CPU
		{D33A60D2-ABC0-422E-B1C4-CD59A0548320}.DVD-5|Any CPU.ActiveCfg = Debug|Any CPU
		{D33A60D2-ABC0-422E-B1C4-CD59A0548320}.DVD-5|Any CPU.Build.0 = Debug|Any CPU
		{D33A60D2-ABC0-422E-B1C4-CD59A0548320}.DVD-5|x86.ActiveCfg = Debug|Any CPU
		{D33A60D2-ABC0-422E-B1C4-CD59A0548320}.DVD-5|x86.Build.0 = Debug|Any CPU
		{D33A60D2-ABC0-422E-B1C4-CD59A0548320}.Release|Any CPU.ActiveCfg = Release|Any CPU
		{D33A60D2-ABC0-422E-B1C4-CD59A0548320}.Release|Any CPU.Build.0 = Release|Any CPU
		{D33A60D2-ABC0-422E-B1C4-CD59A0548320}.Release|x86.ActiveCfg = Release|Any CPU
		{D33A60D2-ABC0-422E-B1C4-CD59A0548320}.Release|x86.Build.0 = Release|Any CPU
		{D33A60D2-ABC0-422E-B1C4-CD59A0548320}.Release-3.5|Any CPU.ActiveCfg = Release|Any CPU
		{D33A60D2-ABC0-422E-B1C4-CD59A0548320}.Release-3.5|Any CPU.Build.0 = Release|Any CPU
		{D33A60D2-ABC0-422E-B1C4-CD59A0548320}.Release-3.5|x86.ActiveCfg = Release|Any CPU
		{D33A60D2-ABC0-422E-B1C4-CD59A0548320}.Release-3.5|x86.Build.0 = Release|Any CPU
		{D33A60D2-ABC0-422E-B1C4-CD59A0548320}.Release-3.5C|Any CPU.ActiveCfg = Release|Any CPU
		{D33A60D2-ABC0-422E-B1C4-CD59A0548320}.Release-3.5C|Any CPU.Build.0 = Release|Any CPU
		{D33A60D2-ABC0-422E-B1C4-CD59A0548320}.Release-3.5C|x86.ActiveCfg = Release|Any CPU
		{D33A60D2-ABC0-422E-B1C4-CD59A0548320}.Release-3.5C|x86.Build.0 = Release|Any CPU
		{D33A60D2-ABC0-422E-B1C4-CD59A0548320}.Release-4.0|Any CPU.ActiveCfg = Release|Any CPU
		{D33A60D2-ABC0-422E-B1C4-CD59A0548320}.Release-4.0|Any CPU.Build.0 = Release|Any CPU
		{D33A60D2-ABC0-422E-B1C4-CD59A0548320}.Release-4.0|x86.ActiveCfg = Release|Any CPU
		{D33A60D2-ABC0-422E-B1C4-CD59A0548320}.Release-4.0|x86.Build.0 = Release|Any CPU
		{D33A60D2-ABC0-422E-B1C4-CD59A0548320}.Release-4.0C|Any CPU.ActiveCfg = Release|Any CPU
		{D33A60D2-ABC0-422E-B1C4-CD59A0548320}.Release-4.0C|Any CPU.Build.0 = Release|Any CPU
		{D33A60D2-ABC0-422E-B1C4-CD59A0548320}.Release-4.0C|x86.ActiveCfg = Release|Any CPU
		{D33A60D2-ABC0-422E-B1C4-CD59A0548320}.Release-4.0C|x86.Build.0 = Release|Any CPU
		{D33A60D2-ABC0-422E-B1C4-CD59A0548320}.Release-4.5|Any CPU.ActiveCfg = Release|Any CPU
		{D33A60D2-ABC0-422E-B1C4-CD59A0548320}.Release-4.5|Any CPU.Build.0 = Release|Any CPU
		{D33A60D2-ABC0-422E-B1C4-CD59A0548320}.Release-4.5|x86.ActiveCfg = Release|Any CPU
		{D33A60D2-ABC0-422E-B1C4-CD59A0548320}.Release-4.5|x86.Build.0 = Release|Any CPU
		{D33A60D2-ABC0-422E-B1C4-CD59A0548320}.Release-Mono|Any CPU.ActiveCfg = Release|Any CPU
		{D33A60D2-ABC0-422E-B1C4-CD59A0548320}.Release-Mono|Any CPU.Build.0 = Release|Any CPU
		{D33A60D2-ABC0-422E-B1C4-CD59A0548320}.Release-Mono|x86.ActiveCfg = Release|Any CPU
		{D33A60D2-ABC0-422E-B1C4-CD59A0548320}.Release-Mono|x86.Build.0 = Release|Any CPU
		{D33A60D2-ABC0-422E-B1C4-CD59A0548320}.SingleImage|Any CPU.ActiveCfg = Release|Any CPU
		{D33A60D2-ABC0-422E-B1C4-CD59A0548320}.SingleImage|Any CPU.Build.0 = Release|Any CPU
		{D33A60D2-ABC0-422E-B1C4-CD59A0548320}.SingleImage|x86.ActiveCfg = Release|Any CPU
		{D33A60D2-ABC0-422E-B1C4-CD59A0548320}.SingleImage|x86.Build.0 = Release|Any CPU
		{6CCB7DA6-A140-4485-986B-C6EA5B48A989}.CD_ROM|Any CPU.ActiveCfg = Release|Any CPU
		{6CCB7DA6-A140-4485-986B-C6EA5B48A989}.CD_ROM|Any CPU.Build.0 = Release|Any CPU
		{6CCB7DA6-A140-4485-986B-C6EA5B48A989}.CD_ROM|x86.ActiveCfg = Release|Any CPU
		{6CCB7DA6-A140-4485-986B-C6EA5B48A989}.CD_ROM|x86.Build.0 = Release|Any CPU
		{6CCB7DA6-A140-4485-986B-C6EA5B48A989}.Debug|Any CPU.ActiveCfg = Debug|Any CPU
		{6CCB7DA6-A140-4485-986B-C6EA5B48A989}.Debug|Any CPU.Build.0 = Debug|Any CPU
		{6CCB7DA6-A140-4485-986B-C6EA5B48A989}.Debug|x86.ActiveCfg = Debug|Any CPU
		{6CCB7DA6-A140-4485-986B-C6EA5B48A989}.Debug|x86.Build.0 = Debug|Any CPU
		{6CCB7DA6-A140-4485-986B-C6EA5B48A989}.DVD-5|Any CPU.ActiveCfg = Debug|Any CPU
		{6CCB7DA6-A140-4485-986B-C6EA5B48A989}.DVD-5|Any CPU.Build.0 = Debug|Any CPU
		{6CCB7DA6-A140-4485-986B-C6EA5B48A989}.DVD-5|x86.ActiveCfg = Debug|Any CPU
		{6CCB7DA6-A140-4485-986B-C6EA5B48A989}.DVD-5|x86.Build.0 = Debug|Any CPU
		{6CCB7DA6-A140-4485-986B-C6EA5B48A989}.Release|Any CPU.ActiveCfg = Release|Any CPU
		{6CCB7DA6-A140-4485-986B-C6EA5B48A989}.Release|Any CPU.Build.0 = Release|Any CPU
		{6CCB7DA6-A140-4485-986B-C6EA5B48A989}.Release|x86.ActiveCfg = Release|Any CPU
		{6CCB7DA6-A140-4485-986B-C6EA5B48A989}.Release|x86.Build.0 = Release|Any CPU
		{6CCB7DA6-A140-4485-986B-C6EA5B48A989}.Release-3.5|Any CPU.ActiveCfg = Release|Any CPU
		{6CCB7DA6-A140-4485-986B-C6EA5B48A989}.Release-3.5|Any CPU.Build.0 = Release|Any CPU
		{6CCB7DA6-A140-4485-986B-C6EA5B48A989}.Release-3.5|x86.ActiveCfg = Release|Any CPU
		{6CCB7DA6-A140-4485-986B-C6EA5B48A989}.Release-3.5|x86.Build.0 = Release|Any CPU
		{6CCB7DA6-A140-4485-986B-C6EA5B48A989}.Release-3.5C|Any CPU.ActiveCfg = Release|Any CPU
		{6CCB7DA6-A140-4485-986B-C6EA5B48A989}.Release-3.5C|Any CPU.Build.0 = Release|Any CPU
		{6CCB7DA6-A140-4485-986B-C6EA5B48A989}.Release-3.5C|x86.ActiveCfg = Release|Any CPU
		{6CCB7DA6-A140-4485-986B-C6EA5B48A989}.Release-3.5C|x86.Build.0 = Release|Any CPU
		{6CCB7DA6-A140-4485-986B-C6EA5B48A989}.Release-4.0|Any CPU.ActiveCfg = Release|Any CPU
		{6CCB7DA6-A140-4485-986B-C6EA5B48A989}.Release-4.0|Any CPU.Build.0 = Release|Any CPU
		{6CCB7DA6-A140-4485-986B-C6EA5B48A989}.Release-4.0|x86.ActiveCfg = Release|Any CPU
		{6CCB7DA6-A140-4485-986B-C6EA5B48A989}.Release-4.0|x86.Build.0 = Release|Any CPU
		{6CCB7DA6-A140-4485-986B-C6EA5B48A989}.Release-4.0C|Any CPU.ActiveCfg = Release|Any CPU
		{6CCB7DA6-A140-4485-986B-C6EA5B48A989}.Release-4.0C|Any CPU.Build.0 = Release|Any CPU
		{6CCB7DA6-A140-4485-986B-C6EA5B48A989}.Release-4.0C|x86.ActiveCfg = Release|Any CPU
		{6CCB7DA6-A140-4485-986B-C6EA5B48A989}.Release-4.0C|x86.Build.0 = Release|Any CPU
		{6CCB7DA6-A140-4485-986B-C6EA5B48A989}.Release-4.5|Any CPU.ActiveCfg = Release|Any CPU
		{6CCB7DA6-A140-4485-986B-C6EA5B48A989}.Release-4.5|Any CPU.Build.0 = Release|Any CPU
		{6CCB7DA6-A140-4485-986B-C6EA5B48A989}.Release-4.5|x86.ActiveCfg = Release|Any CPU
		{6CCB7DA6-A140-4485-986B-C6EA5B48A989}.Release-4.5|x86.Build.0 = Release|Any CPU
		{6CCB7DA6-A140-4485-986B-C6EA5B48A989}.Release-Mono|Any CPU.ActiveCfg = Release|Any CPU
		{6CCB7DA6-A140-4485-986B-C6EA5B48A989}.Release-Mono|Any CPU.Build.0 = Release|Any CPU
		{6CCB7DA6-A140-4485-986B-C6EA5B48A989}.Release-Mono|x86.ActiveCfg = Release|Any CPU
		{6CCB7DA6-A140-4485-986B-C6EA5B48A989}.Release-Mono|x86.Build.0 = Release|Any CPU
		{6CCB7DA6-A140-4485-986B-C6EA5B48A989}.SingleImage|Any CPU.ActiveCfg = Release|Any CPU
		{6CCB7DA6-A140-4485-986B-C6EA5B48A989}.SingleImage|Any CPU.Build.0 = Release|Any CPU
		{6CCB7DA6-A140-4485-986B-C6EA5B48A989}.SingleImage|x86.ActiveCfg = Release|Any CPU
		{6CCB7DA6-A140-4485-986B-C6EA5B48A989}.SingleImage|x86.Build.0 = Release|Any CPU
	EndGlobalSection
	GlobalSection(SolutionProperties) = preSolution
		HideSolutionNode = FALSE
	EndGlobalSection
	GlobalSection(NestedProjects) = preSolution
		{2C314C89-0C09-4FBB-9E79-E5DB1F432BDB} = {30E27055-007D-4FA8-BEF5-88B457B4592B}
		{8BA64265-9289-4A3A-9158-F10AC10AE838} = {30E27055-007D-4FA8-BEF5-88B457B4592B}
		{B7F2182C-37E6-4FA6-B1B2-9E5C500CC576} = {6F21748D-3E08-45C2-A4F9-E797C5C70438}
		{669CCD90-EBB4-438B-A31A-A16030214B61} = {6F21748D-3E08-45C2-A4F9-E797C5C70438}
		{DC18E5FA-3C4C-4898-8093-F4DE505E064C} = {6F21748D-3E08-45C2-A4F9-E797C5C70438}
		{26E260E3-AB62-4BB2-AFAC-5788A9BB1211} = {4E8F9D99-EF83-44EF-8DE4-F18ADB499F0A}
		{756F6A58-7996-4B8B-8CB6-61C69E8D2F8B} = {30E27055-007D-4FA8-BEF5-88B457B4592B}
		{E77158F7-209F-4555-8958-86E820BACAC4} = {30E27055-007D-4FA8-BEF5-88B457B4592B}
		{D4C64F83-62AF-490A-888B-04C4FD18AD18} = {6F21748D-3E08-45C2-A4F9-E797C5C70438}
		{57A750D9-36B6-410B-8808-29CABE955842} = {30E27055-007D-4FA8-BEF5-88B457B4592B}
		{AC9A090A-EB11-48E3-8A88-E9DE45BD4B06} = {6F21748D-3E08-45C2-A4F9-E797C5C70438}
		{6EECA358-C495-40C7-A5EA-445FBF0FB710} = {6F21748D-3E08-45C2-A4F9-E797C5C70438}
		{5005A377-0A59-4E18-9E8B-DE05BEC67E67} = {30E27055-007D-4FA8-BEF5-88B457B4592B}
		{483A7938-0F07-44AD-9B59-9AE79117507C} = {842E2C17-5EF5-45B3-AE65-209837A9B372}
		{103F395D-E3AC-497D-BF78-2F820922E092} = {30E27055-007D-4FA8-BEF5-88B457B4592B}
		{4190BBD7-5200-43F5-A691-0908FFFA7FE5} = {30E27055-007D-4FA8-BEF5-88B457B4592B}
		{B6A8489D-1522-4EAF-AC2F-CC85D766BCEE} = {30E27055-007D-4FA8-BEF5-88B457B4592B}
		{D33A60D2-ABC0-422E-B1C4-CD59A0548320} = {30E27055-007D-4FA8-BEF5-88B457B4592B}
		{6CCB7DA6-A140-4485-986B-C6EA5B48A989} = {30E27055-007D-4FA8-BEF5-88B457B4592B}
	EndGlobalSection
EndGlobal
